
Microsoft Visual Studio Solution File, Format Version 12.00
# Visual Studio 15
VisualStudioVersion = 15.0.28107.0
MinimumVisualStudioVersion = 10.0.40219.1
Project("{FAE04EC0-301F-11D3-BF4B-00C04F79EFBC}") = "Sales.Android", "Sales\Sales.Android\Sales.Android.csproj", "{F00BFF8F-C828-43E9-9770-A4198A326899}"
EndProject
Project("{FAE04EC0-301F-11D3-BF4B-00C04F79EFBC}") = "Sales.iOS", "Sales\Sales.iOS\Sales.iOS.csproj", "{9217F39A-2263-4220-8DEA-E55FB0CEE543}"
EndProject
Project("{9A19103F-16F7-4668-BE54-9A1E7A4F7556}") = "Sales", "Sales\Sales\Sales.csproj", "{874783F2-DC62-43ED-82BF-19DEE1A37757}"
EndProject
Project("{FAE04EC0-301F-11D3-BF4B-00C04F79EFBC}") = "Sales.Domain", "Sales.Domain\Sales.Domain.csproj", "{94C050B0-3F46-4182-A1EE-936C252A8453}"
EndProject
Project("{FAE04EC0-301F-11D3-BF4B-00C04F79EFBC}") = "Sales.Common", "Sales.Common\Sales.Common.csproj", "{83143E48-7A0B-4CB5-9076-2884285BEA58}"
EndProject
Project("{FAE04EC0-301F-11D3-BF4B-00C04F79EFBC}") = "Sales.Backend", "Sales.Backend\Sales.Backend.csproj", "{74124E53-23C6-4AC8-BA6B-3CA30327B011}"
EndProject
Project("{FAE04EC0-301F-11D3-BF4B-00C04F79EFBC}") = "Sales.API", "Sales.API\Sales.API.csproj", "{3BD1E94E-D922-4B83-B35D-556478C0157E}"
EndProject
Global
	GlobalSection(SolutionConfigurationPlatforms) = preSolution
		Ad-Hoc|Any CPU = Ad-Hoc|Any CPU
		Ad-Hoc|ARM = Ad-Hoc|ARM
		Ad-Hoc|iPhone = Ad-Hoc|iPhone
		Ad-Hoc|iPhoneSimulator = Ad-Hoc|iPhoneSimulator
		Ad-Hoc|x64 = Ad-Hoc|x64
		Ad-Hoc|x86 = Ad-Hoc|x86
		AppStore|Any CPU = AppStore|Any CPU
		AppStore|ARM = AppStore|ARM
		AppStore|iPhone = AppStore|iPhone
		AppStore|iPhoneSimulator = AppStore|iPhoneSimulator
		AppStore|x64 = AppStore|x64
		AppStore|x86 = AppStore|x86
		Debug|Any CPU = Debug|Any CPU
		Debug|ARM = Debug|ARM
		Debug|iPhone = Debug|iPhone
		Debug|iPhoneSimulator = Debug|iPhoneSimulator
		Debug|x64 = Debug|x64
		Debug|x86 = Debug|x86
		Release|Any CPU = Release|Any CPU
		Release|ARM = Release|ARM
		Release|iPhone = Release|iPhone
		Release|iPhoneSimulator = Release|iPhoneSimulator
		Release|x64 = Release|x64
		Release|x86 = Release|x86
	EndGlobalSection
	GlobalSection(ProjectConfigurationPlatforms) = postSolution
		{F00BFF8F-C828-43E9-9770-A4198A326899}.Ad-Hoc|Any CPU.ActiveCfg = Release|Any CPU
		{F00BFF8F-C828-43E9-9770-A4198A326899}.Ad-Hoc|Any CPU.Build.0 = Release|Any CPU
		{F00BFF8F-C828-43E9-9770-A4198A326899}.Ad-Hoc|Any CPU.Deploy.0 = Release|Any CPU
		{F00BFF8F-C828-43E9-9770-A4198A326899}.Ad-Hoc|ARM.ActiveCfg = Release|Any CPU
		{F00BFF8F-C828-43E9-9770-A4198A326899}.Ad-Hoc|ARM.Build.0 = Release|Any CPU
		{F00BFF8F-C828-43E9-9770-A4198A326899}.Ad-Hoc|ARM.Deploy.0 = Release|Any CPU
		{F00BFF8F-C828-43E9-9770-A4198A326899}.Ad-Hoc|iPhone.ActiveCfg = Release|Any CPU
		{F00BFF8F-C828-43E9-9770-A4198A326899}.Ad-Hoc|iPhone.Build.0 = Release|Any CPU
		{F00BFF8F-C828-43E9-9770-A4198A326899}.Ad-Hoc|iPhone.Deploy.0 = Release|Any CPU
		{F00BFF8F-C828-43E9-9770-A4198A326899}.Ad-Hoc|iPhoneSimulator.ActiveCfg = Release|Any CPU
		{F00BFF8F-C828-43E9-9770-A4198A326899}.Ad-Hoc|iPhoneSimulator.Build.0 = Release|Any CPU
		{F00BFF8F-C828-43E9-9770-A4198A326899}.Ad-Hoc|iPhoneSimulator.Deploy.0 = Release|Any CPU
		{F00BFF8F-C828-43E9-9770-A4198A326899}.Ad-Hoc|x64.ActiveCfg = Release|Any CPU
		{F00BFF8F-C828-43E9-9770-A4198A326899}.Ad-Hoc|x64.Build.0 = Release|Any CPU
		{F00BFF8F-C828-43E9-9770-A4198A326899}.Ad-Hoc|x64.Deploy.0 = Release|Any CPU
		{F00BFF8F-C828-43E9-9770-A4198A326899}.Ad-Hoc|x86.ActiveCfg = Release|Any CPU
		{F00BFF8F-C828-43E9-9770-A4198A326899}.Ad-Hoc|x86.Build.0 = Release|Any CPU
		{F00BFF8F-C828-43E9-9770-A4198A326899}.Ad-Hoc|x86.Deploy.0 = Release|Any CPU
		{F00BFF8F-C828-43E9-9770-A4198A326899}.AppStore|Any CPU.ActiveCfg = Release|Any CPU
		{F00BFF8F-C828-43E9-9770-A4198A326899}.AppStore|Any CPU.Build.0 = Release|Any CPU
		{F00BFF8F-C828-43E9-9770-A4198A326899}.AppStore|Any CPU.Deploy.0 = Release|Any CPU
		{F00BFF8F-C828-43E9-9770-A4198A326899}.AppStore|ARM.ActiveCfg = Release|Any CPU
		{F00BFF8F-C828-43E9-9770-A4198A326899}.AppStore|ARM.Build.0 = Release|Any CPU
		{F00BFF8F-C828-43E9-9770-A4198A326899}.AppStore|ARM.Deploy.0 = Release|Any CPU
		{F00BFF8F-C828-43E9-9770-A4198A326899}.AppStore|iPhone.ActiveCfg = Release|Any CPU
		{F00BFF8F-C828-43E9-9770-A4198A326899}.AppStore|iPhone.Build.0 = Release|Any CPU
		{F00BFF8F-C828-43E9-9770-A4198A326899}.AppStore|iPhone.Deploy.0 = Release|Any CPU
		{F00BFF8F-C828-43E9-9770-A4198A326899}.AppStore|iPhoneSimulator.ActiveCfg = Release|Any CPU
		{F00BFF8F-C828-43E9-9770-A4198A326899}.AppStore|iPhoneSimulator.Build.0 = Release|Any CPU
		{F00BFF8F-C828-43E9-9770-A4198A326899}.AppStore|iPhoneSimulator.Deploy.0 = Release|Any CPU
		{F00BFF8F-C828-43E9-9770-A4198A326899}.AppStore|x64.ActiveCfg = Release|Any CPU
		{F00BFF8F-C828-43E9-9770-A4198A326899}.AppStore|x64.Build.0 = Release|Any CPU
		{F00BFF8F-C828-43E9-9770-A4198A326899}.AppStore|x64.Deploy.0 = Release|Any CPU
		{F00BFF8F-C828-43E9-9770-A4198A326899}.AppStore|x86.ActiveCfg = Release|Any CPU
		{F00BFF8F-C828-43E9-9770-A4198A326899}.AppStore|x86.Build.0 = Release|Any CPU
		{F00BFF8F-C828-43E9-9770-A4198A326899}.AppStore|x86.Deploy.0 = Release|Any CPU
		{F00BFF8F-C828-43E9-9770-A4198A326899}.Debug|Any CPU.ActiveCfg = Debug|Any CPU
		{F00BFF8F-C828-43E9-9770-A4198A326899}.Debug|Any CPU.Build.0 = Debug|Any CPU
		{F00BFF8F-C828-43E9-9770-A4198A326899}.Debug|Any CPU.Deploy.0 = Debug|Any CPU
		{F00BFF8F-C828-43E9-9770-A4198A326899}.Debug|ARM.ActiveCfg = Debug|Any CPU
		{F00BFF8F-C828-43E9-9770-A4198A326899}.Debug|ARM.Build.0 = Debug|Any CPU
		{F00BFF8F-C828-43E9-9770-A4198A326899}.Debug|ARM.Deploy.0 = Debug|Any CPU
		{F00BFF8F-C828-43E9-9770-A4198A326899}.Debug|iPhone.ActiveCfg = Debug|Any CPU
		{F00BFF8F-C828-43E9-9770-A4198A326899}.Debug|iPhone.Build.0 = Debug|Any CPU
		{F00BFF8F-C828-43E9-9770-A4198A326899}.Debug|iPhone.Deploy.0 = Debug|Any CPU
		{F00BFF8F-C828-43E9-9770-A4198A326899}.Debug|iPhoneSimulator.ActiveCfg = Debug|Any CPU
		{F00BFF8F-C828-43E9-9770-A4198A326899}.Debug|iPhoneSimulator.Build.0 = Debug|Any CPU
		{F00BFF8F-C828-43E9-9770-A4198A326899}.Debug|iPhoneSimulator.Deploy.0 = Debug|Any CPU
		{F00BFF8F-C828-43E9-9770-A4198A326899}.Debug|x64.ActiveCfg = Debug|Any CPU
		{F00BFF8F-C828-43E9-9770-A4198A326899}.Debug|x64.Build.0 = Debug|Any CPU
		{F00BFF8F-C828-43E9-9770-A4198A326899}.Debug|x64.Deploy.0 = Debug|Any CPU
		{F00BFF8F-C828-43E9-9770-A4198A326899}.Debug|x86.ActiveCfg = Debug|Any CPU
		{F00BFF8F-C828-43E9-9770-A4198A326899}.Debug|x86.Build.0 = Debug|Any CPU
		{F00BFF8F-C828-43E9-9770-A4198A326899}.Debug|x86.Deploy.0 = Debug|Any CPU
		{F00BFF8F-C828-43E9-9770-A4198A326899}.Release|Any CPU.ActiveCfg = Release|Any CPU
		{F00BFF8F-C828-43E9-9770-A4198A326899}.Release|Any CPU.Build.0 = Release|Any CPU
		{F00BFF8F-C828-43E9-9770-A4198A326899}.Release|Any CPU.Deploy.0 = Release|Any CPU
		{F00BFF8F-C828-43E9-9770-A4198A326899}.Release|ARM.ActiveCfg = Release|Any CPU
		{F00BFF8F-C828-43E9-9770-A4198A326899}.Release|ARM.Build.0 = Release|Any CPU
		{F00BFF8F-C828-43E9-9770-A4198A326899}.Release|ARM.Deploy.0 = Release|Any CPU
		{F00BFF8F-C828-43E9-9770-A4198A326899}.Release|iPhone.ActiveCfg = Release|Any CPU
		{F00BFF8F-C828-43E9-9770-A4198A326899}.Release|iPhone.Build.0 = Release|Any CPU
		{F00BFF8F-C828-43E9-9770-A4198A326899}.Release|iPhone.Deploy.0 = Release|Any CPU
		{F00BFF8F-C828-43E9-9770-A4198A326899}.Release|iPhoneSimulator.ActiveCfg = Release|Any CPU
		{F00BFF8F-C828-43E9-9770-A4198A326899}.Release|iPhoneSimulator.Build.0 = Release|Any CPU
		{F00BFF8F-C828-43E9-9770-A4198A326899}.Release|iPhoneSimulator.Deploy.0 = Release|Any CPU
		{F00BFF8F-C828-43E9-9770-A4198A326899}.Release|x64.ActiveCfg = Release|Any CPU
		{F00BFF8F-C828-43E9-9770-A4198A326899}.Release|x64.Build.0 = Release|Any CPU
		{F00BFF8F-C828-43E9-9770-A4198A326899}.Release|x64.Deploy.0 = Release|Any CPU
		{F00BFF8F-C828-43E9-9770-A4198A326899}.Release|x86.ActiveCfg = Release|Any CPU
		{F00BFF8F-C828-43E9-9770-A4198A326899}.Release|x86.Build.0 = Release|Any CPU
		{F00BFF8F-C828-43E9-9770-A4198A326899}.Release|x86.Deploy.0 = Release|Any CPU
		{9217F39A-2263-4220-8DEA-E55FB0CEE543}.Ad-Hoc|Any CPU.ActiveCfg = Ad-Hoc|iPhone
		{9217F39A-2263-4220-8DEA-E55FB0CEE543}.Ad-Hoc|Any CPU.Build.0 = Ad-Hoc|iPhone
		{9217F39A-2263-4220-8DEA-E55FB0CEE543}.Ad-Hoc|Any CPU.Deploy.0 = Ad-Hoc|iPhone
		{9217F39A-2263-4220-8DEA-E55FB0CEE543}.Ad-Hoc|ARM.ActiveCfg = Ad-Hoc|iPhone
		{9217F39A-2263-4220-8DEA-E55FB0CEE543}.Ad-Hoc|ARM.Build.0 = Ad-Hoc|iPhone
		{9217F39A-2263-4220-8DEA-E55FB0CEE543}.Ad-Hoc|ARM.Deploy.0 = Ad-Hoc|iPhone
		{9217F39A-2263-4220-8DEA-E55FB0CEE543}.Ad-Hoc|iPhone.ActiveCfg = Ad-Hoc|iPhone
		{9217F39A-2263-4220-8DEA-E55FB0CEE543}.Ad-Hoc|iPhone.Build.0 = Ad-Hoc|iPhone
		{9217F39A-2263-4220-8DEA-E55FB0CEE543}.Ad-Hoc|iPhone.Deploy.0 = Ad-Hoc|iPhone
		{9217F39A-2263-4220-8DEA-E55FB0CEE543}.Ad-Hoc|iPhoneSimulator.ActiveCfg = Ad-Hoc|iPhoneSimulator
		{9217F39A-2263-4220-8DEA-E55FB0CEE543}.Ad-Hoc|iPhoneSimulator.Build.0 = Ad-Hoc|iPhoneSimulator
		{9217F39A-2263-4220-8DEA-E55FB0CEE543}.Ad-Hoc|iPhoneSimulator.Deploy.0 = Ad-Hoc|iPhoneSimulator
		{9217F39A-2263-4220-8DEA-E55FB0CEE543}.Ad-Hoc|x64.ActiveCfg = Ad-Hoc|iPhone
		{9217F39A-2263-4220-8DEA-E55FB0CEE543}.Ad-Hoc|x64.Build.0 = Ad-Hoc|iPhone
		{9217F39A-2263-4220-8DEA-E55FB0CEE543}.Ad-Hoc|x64.Deploy.0 = Ad-Hoc|iPhone
		{9217F39A-2263-4220-8DEA-E55FB0CEE543}.Ad-Hoc|x86.ActiveCfg = Ad-Hoc|iPhone
		{9217F39A-2263-4220-8DEA-E55FB0CEE543}.Ad-Hoc|x86.Build.0 = Ad-Hoc|iPhone
		{9217F39A-2263-4220-8DEA-E55FB0CEE543}.Ad-Hoc|x86.Deploy.0 = Ad-Hoc|iPhone
		{9217F39A-2263-4220-8DEA-E55FB0CEE543}.AppStore|Any CPU.ActiveCfg = AppStore|iPhone
		{9217F39A-2263-4220-8DEA-E55FB0CEE543}.AppStore|Any CPU.Build.0 = AppStore|iPhone
		{9217F39A-2263-4220-8DEA-E55FB0CEE543}.AppStore|Any CPU.Deploy.0 = AppStore|iPhone
		{9217F39A-2263-4220-8DEA-E55FB0CEE543}.AppStore|ARM.ActiveCfg = AppStore|iPhone
		{9217F39A-2263-4220-8DEA-E55FB0CEE543}.AppStore|ARM.Build.0 = AppStore|iPhone
		{9217F39A-2263-4220-8DEA-E55FB0CEE543}.AppStore|ARM.Deploy.0 = AppStore|iPhone
		{9217F39A-2263-4220-8DEA-E55FB0CEE543}.AppStore|iPhone.ActiveCfg = AppStore|iPhone
		{9217F39A-2263-4220-8DEA-E55FB0CEE543}.AppStore|iPhone.Build.0 = AppStore|iPhone
		{9217F39A-2263-4220-8DEA-E55FB0CEE543}.AppStore|iPhone.Deploy.0 = AppStore|iPhone
		{9217F39A-2263-4220-8DEA-E55FB0CEE543}.AppStore|iPhoneSimulator.ActiveCfg = AppStore|iPhoneSimulator
		{9217F39A-2263-4220-8DEA-E55FB0CEE543}.AppStore|iPhoneSimulator.Build.0 = AppStore|iPhoneSimulator
		{9217F39A-2263-4220-8DEA-E55FB0CEE543}.AppStore|iPhoneSimulator.Deploy.0 = AppStore|iPhoneSimulator
		{9217F39A-2263-4220-8DEA-E55FB0CEE543}.AppStore|x64.ActiveCfg = AppStore|iPhone
		{9217F39A-2263-4220-8DEA-E55FB0CEE543}.AppStore|x64.Build.0 = AppStore|iPhone
		{9217F39A-2263-4220-8DEA-E55FB0CEE543}.AppStore|x64.Deploy.0 = AppStore|iPhone
		{9217F39A-2263-4220-8DEA-E55FB0CEE543}.AppStore|x86.ActiveCfg = AppStore|iPhone
		{9217F39A-2263-4220-8DEA-E55FB0CEE543}.AppStore|x86.Build.0 = AppStore|iPhone
		{9217F39A-2263-4220-8DEA-E55FB0CEE543}.AppStore|x86.Deploy.0 = AppStore|iPhone
		{9217F39A-2263-4220-8DEA-E55FB0CEE543}.Debug|Any CPU.ActiveCfg = Debug|iPhoneSimulator
		{9217F39A-2263-4220-8DEA-E55FB0CEE543}.Debug|Any CPU.Build.0 = Debug|iPhoneSimulator
		{9217F39A-2263-4220-8DEA-E55FB0CEE543}.Debug|Any CPU.Deploy.0 = Debug|iPhoneSimulator
		{9217F39A-2263-4220-8DEA-E55FB0CEE543}.Debug|ARM.ActiveCfg = Debug|iPhone
		{9217F39A-2263-4220-8DEA-E55FB0CEE543}.Debug|ARM.Build.0 = Debug|iPhone
		{9217F39A-2263-4220-8DEA-E55FB0CEE543}.Debug|ARM.Deploy.0 = Debug|iPhone
		{9217F39A-2263-4220-8DEA-E55FB0CEE543}.Debug|iPhone.ActiveCfg = Debug|iPhone
		{9217F39A-2263-4220-8DEA-E55FB0CEE543}.Debug|iPhone.Build.0 = Debug|iPhone
		{9217F39A-2263-4220-8DEA-E55FB0CEE543}.Debug|iPhone.Deploy.0 = Debug|iPhone
		{9217F39A-2263-4220-8DEA-E55FB0CEE543}.Debug|iPhoneSimulator.ActiveCfg = Debug|iPhoneSimulator
		{9217F39A-2263-4220-8DEA-E55FB0CEE543}.Debug|iPhoneSimulator.Build.0 = Debug|iPhoneSimulator
		{9217F39A-2263-4220-8DEA-E55FB0CEE543}.Debug|iPhoneSimulator.Deploy.0 = Debug|iPhoneSimulator
		{9217F39A-2263-4220-8DEA-E55FB0CEE543}.Debug|x64.ActiveCfg = Debug|iPhone
		{9217F39A-2263-4220-8DEA-E55FB0CEE543}.Debug|x64.Build.0 = Debug|iPhone
		{9217F39A-2263-4220-8DEA-E55FB0CEE543}.Debug|x64.Deploy.0 = Debug|iPhone
		{9217F39A-2263-4220-8DEA-E55FB0CEE543}.Debug|x86.ActiveCfg = Debug|iPhone
		{9217F39A-2263-4220-8DEA-E55FB0CEE543}.Debug|x86.Build.0 = Debug|iPhone
		{9217F39A-2263-4220-8DEA-E55FB0CEE543}.Debug|x86.Deploy.0 = Debug|iPhone
		{9217F39A-2263-4220-8DEA-E55FB0CEE543}.Release|Any CPU.ActiveCfg = Release|iPhone
		{9217F39A-2263-4220-8DEA-E55FB0CEE543}.Release|Any CPU.Build.0 = Release|iPhone
		{9217F39A-2263-4220-8DEA-E55FB0CEE543}.Release|Any CPU.Deploy.0 = Release|iPhone
		{9217F39A-2263-4220-8DEA-E55FB0CEE543}.Release|ARM.ActiveCfg = Release|iPhone
		{9217F39A-2263-4220-8DEA-E55FB0CEE543}.Release|ARM.Build.0 = Release|iPhone
		{9217F39A-2263-4220-8DEA-E55FB0CEE543}.Release|ARM.Deploy.0 = Release|iPhone
		{9217F39A-2263-4220-8DEA-E55FB0CEE543}.Release|iPhone.ActiveCfg = Release|iPhone
		{9217F39A-2263-4220-8DEA-E55FB0CEE543}.Release|iPhone.Build.0 = Release|iPhone
		{9217F39A-2263-4220-8DEA-E55FB0CEE543}.Release|iPhone.Deploy.0 = Release|iPhone
		{9217F39A-2263-4220-8DEA-E55FB0CEE543}.Release|iPhoneSimulator.ActiveCfg = Release|iPhoneSimulator
		{9217F39A-2263-4220-8DEA-E55FB0CEE543}.Release|iPhoneSimulator.Build.0 = Release|iPhoneSimulator
		{9217F39A-2263-4220-8DEA-E55FB0CEE543}.Release|iPhoneSimulator.Deploy.0 = Release|iPhoneSimulator
		{9217F39A-2263-4220-8DEA-E55FB0CEE543}.Release|x64.ActiveCfg = Release|iPhone
		{9217F39A-2263-4220-8DEA-E55FB0CEE543}.Release|x64.Build.0 = Release|iPhone
		{9217F39A-2263-4220-8DEA-E55FB0CEE543}.Release|x64.Deploy.0 = Release|iPhone
		{9217F39A-2263-4220-8DEA-E55FB0CEE543}.Release|x86.ActiveCfg = Release|iPhone
		{9217F39A-2263-4220-8DEA-E55FB0CEE543}.Release|x86.Build.0 = Release|iPhone
		{9217F39A-2263-4220-8DEA-E55FB0CEE543}.Release|x86.Deploy.0 = Release|iPhone
		{874783F2-DC62-43ED-82BF-19DEE1A37757}.Ad-Hoc|Any CPU.ActiveCfg = Debug|Any CPU
		{874783F2-DC62-43ED-82BF-19DEE1A37757}.Ad-Hoc|Any CPU.Build.0 = Debug|Any CPU
		{874783F2-DC62-43ED-82BF-19DEE1A37757}.Ad-Hoc|Any CPU.Deploy.0 = Debug|Any CPU
		{874783F2-DC62-43ED-82BF-19DEE1A37757}.Ad-Hoc|ARM.ActiveCfg = Debug|Any CPU
		{874783F2-DC62-43ED-82BF-19DEE1A37757}.Ad-Hoc|ARM.Build.0 = Debug|Any CPU
		{874783F2-DC62-43ED-82BF-19DEE1A37757}.Ad-Hoc|ARM.Deploy.0 = Debug|Any CPU
		{874783F2-DC62-43ED-82BF-19DEE1A37757}.Ad-Hoc|iPhone.ActiveCfg = Debug|Any CPU
		{874783F2-DC62-43ED-82BF-19DEE1A37757}.Ad-Hoc|iPhone.Build.0 = Debug|Any CPU
		{874783F2-DC62-43ED-82BF-19DEE1A37757}.Ad-Hoc|iPhone.Deploy.0 = Debug|Any CPU
		{874783F2-DC62-43ED-82BF-19DEE1A37757}.Ad-Hoc|iPhoneSimulator.ActiveCfg = Debug|Any CPU
		{874783F2-DC62-43ED-82BF-19DEE1A37757}.Ad-Hoc|iPhoneSimulator.Build.0 = Debug|Any CPU
		{874783F2-DC62-43ED-82BF-19DEE1A37757}.Ad-Hoc|iPhoneSimulator.Deploy.0 = Debug|Any CPU
		{874783F2-DC62-43ED-82BF-19DEE1A37757}.Ad-Hoc|x64.ActiveCfg = Debug|Any CPU
		{874783F2-DC62-43ED-82BF-19DEE1A37757}.Ad-Hoc|x64.Build.0 = Debug|Any CPU
		{874783F2-DC62-43ED-82BF-19DEE1A37757}.Ad-Hoc|x64.Deploy.0 = Debug|Any CPU
		{874783F2-DC62-43ED-82BF-19DEE1A37757}.Ad-Hoc|x86.ActiveCfg = Debug|Any CPU
		{874783F2-DC62-43ED-82BF-19DEE1A37757}.Ad-Hoc|x86.Build.0 = Debug|Any CPU
		{874783F2-DC62-43ED-82BF-19DEE1A37757}.Ad-Hoc|x86.Deploy.0 = Debug|Any CPU
		{874783F2-DC62-43ED-82BF-19DEE1A37757}.AppStore|Any CPU.ActiveCfg = Debug|Any CPU
		{874783F2-DC62-43ED-82BF-19DEE1A37757}.AppStore|Any CPU.Build.0 = Debug|Any CPU
		{874783F2-DC62-43ED-82BF-19DEE1A37757}.AppStore|Any CPU.Deploy.0 = Debug|Any CPU
		{874783F2-DC62-43ED-82BF-19DEE1A37757}.AppStore|ARM.ActiveCfg = Debug|Any CPU
		{874783F2-DC62-43ED-82BF-19DEE1A37757}.AppStore|ARM.Build.0 = Debug|Any CPU
		{874783F2-DC62-43ED-82BF-19DEE1A37757}.AppStore|ARM.Deploy.0 = Debug|Any CPU
		{874783F2-DC62-43ED-82BF-19DEE1A37757}.AppStore|iPhone.ActiveCfg = Debug|Any CPU
		{874783F2-DC62-43ED-82BF-19DEE1A37757}.AppStore|iPhone.Build.0 = Debug|Any CPU
		{874783F2-DC62-43ED-82BF-19DEE1A37757}.AppStore|iPhone.Deploy.0 = Debug|Any CPU
		{874783F2-DC62-43ED-82BF-19DEE1A37757}.AppStore|iPhoneSimulator.ActiveCfg = Debug|Any CPU
		{874783F2-DC62-43ED-82BF-19DEE1A37757}.AppStore|iPhoneSimulator.Build.0 = Debug|Any CPU
		{874783F2-DC62-43ED-82BF-19DEE1A37757}.AppStore|iPhoneSimulator.Deploy.0 = Debug|Any CPU
		{874783F2-DC62-43ED-82BF-19DEE1A37757}.AppStore|x64.ActiveCfg = Debug|Any CPU
		{874783F2-DC62-43ED-82BF-19DEE1A37757}.AppStore|x64.Build.0 = Debug|Any CPU
		{874783F2-DC62-43ED-82BF-19DEE1A37757}.AppStore|x64.Deploy.0 = Debug|Any CPU
		{874783F2-DC62-43ED-82BF-19DEE1A37757}.AppStore|x86.ActiveCfg = Debug|Any CPU
		{874783F2-DC62-43ED-82BF-19DEE1A37757}.AppStore|x86.Build.0 = Debug|Any CPU
		{874783F2-DC62-43ED-82BF-19DEE1A37757}.AppStore|x86.Deploy.0 = Debug|Any CPU
		{874783F2-DC62-43ED-82BF-19DEE1A37757}.Debug|Any CPU.ActiveCfg = Debug|Any CPU
		{874783F2-DC62-43ED-82BF-19DEE1A37757}.Debug|Any CPU.Build.0 = Debug|Any CPU
		{874783F2-DC62-43ED-82BF-19DEE1A37757}.Debug|Any CPU.Deploy.0 = Debug|Any CPU
		{874783F2-DC62-43ED-82BF-19DEE1A37757}.Debug|ARM.ActiveCfg = Debug|Any CPU
		{874783F2-DC62-43ED-82BF-19DEE1A37757}.Debug|ARM.Build.0 = Debug|Any CPU
		{874783F2-DC62-43ED-82BF-19DEE1A37757}.Debug|ARM.Deploy.0 = Debug|Any CPU
		{874783F2-DC62-43ED-82BF-19DEE1A37757}.Debug|iPhone.ActiveCfg = Debug|Any CPU
		{874783F2-DC62-43ED-82BF-19DEE1A37757}.Debug|iPhone.Build.0 = Debug|Any CPU
		{874783F2-DC62-43ED-82BF-19DEE1A37757}.Debug|iPhone.Deploy.0 = Debug|Any CPU
		{874783F2-DC62-43ED-82BF-19DEE1A37757}.Debug|iPhoneSimulator.ActiveCfg = Debug|Any CPU
		{874783F2-DC62-43ED-82BF-19DEE1A37757}.Debug|iPhoneSimulator.Build.0 = Debug|Any CPU
		{874783F2-DC62-43ED-82BF-19DEE1A37757}.Debug|iPhoneSimulator.Deploy.0 = Debug|Any CPU
		{874783F2-DC62-43ED-82BF-19DEE1A37757}.Debug|x64.ActiveCfg = Debug|Any CPU
		{874783F2-DC62-43ED-82BF-19DEE1A37757}.Debug|x64.Build.0 = Debug|Any CPU
		{874783F2-DC62-43ED-82BF-19DEE1A37757}.Debug|x64.Deploy.0 = Debug|Any CPU
		{874783F2-DC62-43ED-82BF-19DEE1A37757}.Debug|x86.ActiveCfg = Debug|Any CPU
		{874783F2-DC62-43ED-82BF-19DEE1A37757}.Debug|x86.Build.0 = Debug|Any CPU
		{874783F2-DC62-43ED-82BF-19DEE1A37757}.Debug|x86.Deploy.0 = Debug|Any CPU
		{874783F2-DC62-43ED-82BF-19DEE1A37757}.Release|Any CPU.ActiveCfg = Release|Any CPU
		{874783F2-DC62-43ED-82BF-19DEE1A37757}.Release|Any CPU.Build.0 = Release|Any CPU
		{874783F2-DC62-43ED-82BF-19DEE1A37757}.Release|Any CPU.Deploy.0 = Release|Any CPU
		{874783F2-DC62-43ED-82BF-19DEE1A37757}.Release|ARM.ActiveCfg = Release|Any CPU
		{874783F2-DC62-43ED-82BF-19DEE1A37757}.Release|ARM.Build.0 = Release|Any CPU
		{874783F2-DC62-43ED-82BF-19DEE1A37757}.Release|ARM.Deploy.0 = Release|Any CPU
		{874783F2-DC62-43ED-82BF-19DEE1A37757}.Release|iPhone.ActiveCfg = Release|Any CPU
		{874783F2-DC62-43ED-82BF-19DEE1A37757}.Release|iPhone.Build.0 = Release|Any CPU
		{874783F2-DC62-43ED-82BF-19DEE1A37757}.Release|iPhone.Deploy.0 = Release|Any CPU
		{874783F2-DC62-43ED-82BF-19DEE1A37757}.Release|iPhoneSimulator.ActiveCfg = Release|Any CPU
		{874783F2-DC62-43ED-82BF-19DEE1A37757}.Release|iPhoneSimulator.Build.0 = Release|Any CPU
		{874783F2-DC62-43ED-82BF-19DEE1A37757}.Release|iPhoneSimulator.Deploy.0 = Release|Any CPU
		{874783F2-DC62-43ED-82BF-19DEE1A37757}.Release|x64.ActiveCfg = Release|Any CPU
		{874783F2-DC62-43ED-82BF-19DEE1A37757}.Release|x64.Build.0 = Release|Any CPU
		{874783F2-DC62-43ED-82BF-19DEE1A37757}.Release|x64.Deploy.0 = Release|Any CPU
		{874783F2-DC62-43ED-82BF-19DEE1A37757}.Release|x86.ActiveCfg = Release|Any CPU
		{874783F2-DC62-43ED-82BF-19DEE1A37757}.Release|x86.Build.0 = Release|Any CPU
		{874783F2-DC62-43ED-82BF-19DEE1A37757}.Release|x86.Deploy.0 = Release|Any CPU
		{94C050B0-3F46-4182-A1EE-936C252A8453}.Ad-Hoc|Any CPU.ActiveCfg = Release|Any CPU
		{94C050B0-3F46-4182-A1EE-936C252A8453}.Ad-Hoc|Any CPU.Build.0 = Release|Any CPU
		{94C050B0-3F46-4182-A1EE-936C252A8453}.Ad-Hoc|ARM.ActiveCfg = Release|Any CPU
		{94C050B0-3F46-4182-A1EE-936C252A8453}.Ad-Hoc|ARM.Build.0 = Release|Any CPU
		{94C050B0-3F46-4182-A1EE-936C252A8453}.Ad-Hoc|iPhone.ActiveCfg = Release|Any CPU
		{94C050B0-3F46-4182-A1EE-936C252A8453}.Ad-Hoc|iPhone.Build.0 = Release|Any CPU
		{94C050B0-3F46-4182-A1EE-936C252A8453}.Ad-Hoc|iPhoneSimulator.ActiveCfg = Release|Any CPU
		{94C050B0-3F46-4182-A1EE-936C252A8453}.Ad-Hoc|iPhoneSimulator.Build.0 = Release|Any CPU
		{94C050B0-3F46-4182-A1EE-936C252A8453}.Ad-Hoc|x64.ActiveCfg = Release|Any CPU
		{94C050B0-3F46-4182-A1EE-936C252A8453}.Ad-Hoc|x64.Build.0 = Release|Any CPU
		{94C050B0-3F46-4182-A1EE-936C252A8453}.Ad-Hoc|x86.ActiveCfg = Release|Any CPU
		{94C050B0-3F46-4182-A1EE-936C252A8453}.Ad-Hoc|x86.Build.0 = Release|Any CPU
		{94C050B0-3F46-4182-A1EE-936C252A8453}.AppStore|Any CPU.ActiveCfg = Release|Any CPU
		{94C050B0-3F46-4182-A1EE-936C252A8453}.AppStore|Any CPU.Build.0 = Release|Any CPU
		{94C050B0-3F46-4182-A1EE-936C252A8453}.AppStore|ARM.ActiveCfg = Release|Any CPU
		{94C050B0-3F46-4182-A1EE-936C252A8453}.AppStore|ARM.Build.0 = Release|Any CPU
		{94C050B0-3F46-4182-A1EE-936C252A8453}.AppStore|iPhone.ActiveCfg = Release|Any CPU
		{94C050B0-3F46-4182-A1EE-936C252A8453}.AppStore|iPhone.Build.0 = Release|Any CPU
		{94C050B0-3F46-4182-A1EE-936C252A8453}.AppStore|iPhoneSimulator.ActiveCfg = Release|Any CPU
		{94C050B0-3F46-4182-A1EE-936C252A8453}.AppStore|iPhoneSimulator.Build.0 = Release|Any CPU
		{94C050B0-3F46-4182-A1EE-936C252A8453}.AppStore|x64.ActiveCfg = Release|Any CPU
		{94C050B0-3F46-4182-A1EE-936C252A8453}.AppStore|x64.Build.0 = Release|Any CPU
		{94C050B0-3F46-4182-A1EE-936C252A8453}.AppStore|x86.ActiveCfg = Release|Any CPU
		{94C050B0-3F46-4182-A1EE-936C252A8453}.AppStore|x86.Build.0 = Release|Any CPU
		{94C050B0-3F46-4182-A1EE-936C252A8453}.Debug|Any CPU.ActiveCfg = Debug|Any CPU
		{94C050B0-3F46-4182-A1EE-936C252A8453}.Debug|Any CPU.Build.0 = Debug|Any CPU
		{94C050B0-3F46-4182-A1EE-936C252A8453}.Debug|ARM.ActiveCfg = Debug|Any CPU
		{94C050B0-3F46-4182-A1EE-936C252A8453}.Debug|ARM.Build.0 = Debug|Any CPU
		{94C050B0-3F46-4182-A1EE-936C252A8453}.Debug|iPhone.ActiveCfg = Debug|Any CPU
		{94C050B0-3F46-4182-A1EE-936C252A8453}.Debug|iPhone.Build.0 = Debug|Any CPU
		{94C050B0-3F46-4182-A1EE-936C252A8453}.Debug|iPhoneSimulator.ActiveCfg = Debug|Any CPU
		{94C050B0-3F46-4182-A1EE-936C252A8453}.Debug|iPhoneSimulator.Build.0 = Debug|Any CPU
		{94C050B0-3F46-4182-A1EE-936C252A8453}.Debug|x64.ActiveCfg = Debug|Any CPU
		{94C050B0-3F46-4182-A1EE-936C252A8453}.Debug|x64.Build.0 = Debug|Any CPU
		{94C050B0-3F46-4182-A1EE-936C252A8453}.Debug|x86.ActiveCfg = Debug|Any CPU
		{94C050B0-3F46-4182-A1EE-936C252A8453}.Debug|x86.Build.0 = Debug|Any CPU
		{94C050B0-3F46-4182-A1EE-936C252A8453}.Release|Any CPU.ActiveCfg = Release|Any CPU
		{94C050B0-3F46-4182-A1EE-936C252A8453}.Release|Any CPU.Build.0 = Release|Any CPU
		{94C050B0-3F46-4182-A1EE-936C252A8453}.Release|ARM.ActiveCfg = Release|Any CPU
		{94C050B0-3F46-4182-A1EE-936C252A8453}.Release|ARM.Build.0 = Release|Any CPU
		{94C050B0-3F46-4182-A1EE-936C252A8453}.Release|iPhone.ActiveCfg = Release|Any CPU
		{94C050B0-3F46-4182-A1EE-936C252A8453}.Release|iPhone.Build.0 = Release|Any CPU
		{94C050B0-3F46-4182-A1EE-936C252A8453}.Release|iPhoneSimulator.ActiveCfg = Release|Any CPU
		{94C050B0-3F46-4182-A1EE-936C252A8453}.Release|iPhoneSimulator.Build.0 = Release|Any CPU
		{94C050B0-3F46-4182-A1EE-936C252A8453}.Release|x64.ActiveCfg = Release|Any CPU
		{94C050B0-3F46-4182-A1EE-936C252A8453}.Release|x64.Build.0 = Release|Any CPU
		{94C050B0-3F46-4182-A1EE-936C252A8453}.Release|x86.ActiveCfg = Release|Any CPU
		{94C050B0-3F46-4182-A1EE-936C252A8453}.Release|x86.Build.0 = Release|Any CPU
		{83143E48-7A0B-4CB5-9076-2884285BEA58}.Ad-Hoc|Any CPU.ActiveCfg = Release|Any CPU
		{83143E48-7A0B-4CB5-9076-2884285BEA58}.Ad-Hoc|Any CPU.Build.0 = Release|Any CPU
		{83143E48-7A0B-4CB5-9076-2884285BEA58}.Ad-Hoc|ARM.ActiveCfg = Release|Any CPU
		{83143E48-7A0B-4CB5-9076-2884285BEA58}.Ad-Hoc|ARM.Build.0 = Release|Any CPU
		{83143E48-7A0B-4CB5-9076-2884285BEA58}.Ad-Hoc|iPhone.ActiveCfg = Release|Any CPU
		{83143E48-7A0B-4CB5-9076-2884285BEA58}.Ad-Hoc|iPhone.Build.0 = Release|Any CPU
		{83143E48-7A0B-4CB5-9076-2884285BEA58}.Ad-Hoc|iPhoneSimulator.ActiveCfg = Release|Any CPU
		{83143E48-7A0B-4CB5-9076-2884285BEA58}.Ad-Hoc|iPhoneSimulator.Build.0 = Release|Any CPU
		{83143E48-7A0B-4CB5-9076-2884285BEA58}.Ad-Hoc|x64.ActiveCfg = Release|Any CPU
		{83143E48-7A0B-4CB5-9076-2884285BEA58}.Ad-Hoc|x64.Build.0 = Release|Any CPU
		{83143E48-7A0B-4CB5-9076-2884285BEA58}.Ad-Hoc|x86.ActiveCfg = Release|Any CPU
		{83143E48-7A0B-4CB5-9076-2884285BEA58}.Ad-Hoc|x86.Build.0 = Release|Any CPU
		{83143E48-7A0B-4CB5-9076-2884285BEA58}.AppStore|Any CPU.ActiveCfg = Release|Any CPU
		{83143E48-7A0B-4CB5-9076-2884285BEA58}.AppStore|Any CPU.Build.0 = Release|Any CPU
		{83143E48-7A0B-4CB5-9076-2884285BEA58}.AppStore|ARM.ActiveCfg = Release|Any CPU
		{83143E48-7A0B-4CB5-9076-2884285BEA58}.AppStore|ARM.Build.0 = Release|Any CPU
		{83143E48-7A0B-4CB5-9076-2884285BEA58}.AppStore|iPhone.ActiveCfg = Release|Any CPU
		{83143E48-7A0B-4CB5-9076-2884285BEA58}.AppStore|iPhone.Build.0 = Release|Any CPU
		{83143E48-7A0B-4CB5-9076-2884285BEA58}.AppStore|iPhoneSimulator.ActiveCfg = Release|Any CPU
		{83143E48-7A0B-4CB5-9076-2884285BEA58}.AppStore|iPhoneSimulator.Build.0 = Release|Any CPU
		{83143E48-7A0B-4CB5-9076-2884285BEA58}.AppStore|x64.ActiveCfg = Release|Any CPU
		{83143E48-7A0B-4CB5-9076-2884285BEA58}.AppStore|x64.Build.0 = Release|Any CPU
		{83143E48-7A0B-4CB5-9076-2884285BEA58}.AppStore|x86.ActiveCfg = Release|Any CPU
		{83143E48-7A0B-4CB5-9076-2884285BEA58}.AppStore|x86.Build.0 = Release|Any CPU
		{83143E48-7A0B-4CB5-9076-2884285BEA58}.Debug|Any CPU.ActiveCfg = Debug|Any CPU
		{83143E48-7A0B-4CB5-9076-2884285BEA58}.Debug|Any CPU.Build.0 = Debug|Any CPU
		{83143E48-7A0B-4CB5-9076-2884285BEA58}.Debug|ARM.ActiveCfg = Debug|Any CPU
		{83143E48-7A0B-4CB5-9076-2884285BEA58}.Debug|ARM.Build.0 = Debug|Any CPU
		{83143E48-7A0B-4CB5-9076-2884285BEA58}.Debug|iPhone.ActiveCfg = Debug|Any CPU
		{83143E48-7A0B-4CB5-9076-2884285BEA58}.Debug|iPhone.Build.0 = Debug|Any CPU
		{83143E48-7A0B-4CB5-9076-2884285BEA58}.Debug|iPhoneSimulator.ActiveCfg = Debug|Any CPU
		{83143E48-7A0B-4CB5-9076-2884285BEA58}.Debug|iPhoneSimulator.Build.0 = Debug|Any CPU
		{83143E48-7A0B-4CB5-9076-2884285BEA58}.Debug|x64.ActiveCfg = Debug|Any CPU
		{83143E48-7A0B-4CB5-9076-2884285BEA58}.Debug|x64.Build.0 = Debug|Any CPU
		{83143E48-7A0B-4CB5-9076-2884285BEA58}.Debug|x86.ActiveCfg = Debug|Any CPU
		{83143E48-7A0B-4CB5-9076-2884285BEA58}.Debug|x86.Build.0 = Debug|Any CPU
		{83143E48-7A0B-4CB5-9076-2884285BEA58}.Release|Any CPU.ActiveCfg = Release|Any CPU
		{83143E48-7A0B-4CB5-9076-2884285BEA58}.Release|Any CPU.Build.0 = Release|Any CPU
		{83143E48-7A0B-4CB5-9076-2884285BEA58}.Release|ARM.ActiveCfg = Release|Any CPU
		{83143E48-7A0B-4CB5-9076-2884285BEA58}.Release|ARM.Build.0 = Release|Any CPU
		{83143E48-7A0B-4CB5-9076-2884285BEA58}.Release|iPhone.ActiveCfg = Release|Any CPU
		{83143E48-7A0B-4CB5-9076-2884285BEA58}.Release|iPhone.Build.0 = Release|Any CPU
		{83143E48-7A0B-4CB5-9076-2884285BEA58}.Release|iPhoneSimulator.ActiveCfg = Release|Any CPU
		{83143E48-7A0B-4CB5-9076-2884285BEA58}.Release|iPhoneSimulator.Build.0 = Release|Any CPU
		{83143E48-7A0B-4CB5-9076-2884285BEA58}.Release|x64.ActiveCfg = Release|Any CPU
		{83143E48-7A0B-4CB5-9076-2884285BEA58}.Release|x64.Build.0 = Release|Any CPU
		{83143E48-7A0B-4CB5-9076-2884285BEA58}.Release|x86.ActiveCfg = Release|Any CPU
		{83143E48-7A0B-4CB5-9076-2884285BEA58}.Release|x86.Build.0 = Release|Any CPU
		{74124E53-23C6-4AC8-BA6B-3CA30327B011}.Ad-Hoc|Any CPU.ActiveCfg = Release|Any CPU
		{74124E53-23C6-4AC8-BA6B-3CA30327B011}.Ad-Hoc|Any CPU.Build.0 = Release|Any CPU
		{74124E53-23C6-4AC8-BA6B-3CA30327B011}.Ad-Hoc|ARM.ActiveCfg = Release|Any CPU
		{74124E53-23C6-4AC8-BA6B-3CA30327B011}.Ad-Hoc|ARM.Build.0 = Release|Any CPU
		{74124E53-23C6-4AC8-BA6B-3CA30327B011}.Ad-Hoc|iPhone.ActiveCfg = Release|Any CPU
		{74124E53-23C6-4AC8-BA6B-3CA30327B011}.Ad-Hoc|iPhone.Build.0 = Release|Any CPU
		{74124E53-23C6-4AC8-BA6B-3CA30327B011}.Ad-Hoc|iPhoneSimulator.ActiveCfg = Release|Any CPU
		{74124E53-23C6-4AC8-BA6B-3CA30327B011}.Ad-Hoc|iPhoneSimulator.Build.0 = Release|Any CPU
		{74124E53-23C6-4AC8-BA6B-3CA30327B011}.Ad-Hoc|x64.ActiveCfg = Release|Any CPU
		{74124E53-23C6-4AC8-BA6B-3CA30327B011}.Ad-Hoc|x64.Build.0 = Release|Any CPU
		{74124E53-23C6-4AC8-BA6B-3CA30327B011}.Ad-Hoc|x86.ActiveCfg = Release|Any CPU
		{74124E53-23C6-4AC8-BA6B-3CA30327B011}.Ad-Hoc|x86.Build.0 = Release|Any CPU
		{74124E53-23C6-4AC8-BA6B-3CA30327B011}.AppStore|Any CPU.ActiveCfg = Release|Any CPU
		{74124E53-23C6-4AC8-BA6B-3CA30327B011}.AppStore|Any CPU.Build.0 = Release|Any CPU
		{74124E53-23C6-4AC8-BA6B-3CA30327B011}.AppStore|ARM.ActiveCfg = Release|Any CPU
		{74124E53-23C6-4AC8-BA6B-3CA30327B011}.AppStore|ARM.Build.0 = Release|Any CPU
		{74124E53-23C6-4AC8-BA6B-3CA30327B011}.AppStore|iPhone.ActiveCfg = Release|Any CPU
		{74124E53-23C6-4AC8-BA6B-3CA30327B011}.AppStore|iPhone.Build.0 = Release|Any CPU
		{74124E53-23C6-4AC8-BA6B-3CA30327B011}.AppStore|iPhoneSimulator.ActiveCfg = Release|Any CPU
		{74124E53-23C6-4AC8-BA6B-3CA30327B011}.AppStore|iPhoneSimulator.Build.0 = Release|Any CPU
		{74124E53-23C6-4AC8-BA6B-3CA30327B011}.AppStore|x64.ActiveCfg = Release|Any CPU
		{74124E53-23C6-4AC8-BA6B-3CA30327B011}.AppStore|x64.Build.0 = Release|Any CPU
		{74124E53-23C6-4AC8-BA6B-3CA30327B011}.AppStore|x86.ActiveCfg = Release|Any CPU
		{74124E53-23C6-4AC8-BA6B-3CA30327B011}.AppStore|x86.Build.0 = Release|Any CPU
		{74124E53-23C6-4AC8-BA6B-3CA30327B011}.Debug|Any CPU.ActiveCfg = Debug|Any CPU
		{74124E53-23C6-4AC8-BA6B-3CA30327B011}.Debug|Any CPU.Build.0 = Debug|Any CPU
		{74124E53-23C6-4AC8-BA6B-3CA30327B011}.Debug|ARM.ActiveCfg = Debug|Any CPU
		{74124E53-23C6-4AC8-BA6B-3CA30327B011}.Debug|ARM.Build.0 = Debug|Any CPU
		{74124E53-23C6-4AC8-BA6B-3CA30327B011}.Debug|iPhone.ActiveCfg = Debug|Any CPU
		{74124E53-23C6-4AC8-BA6B-3CA30327B011}.Debug|iPhone.Build.0 = Debug|Any CPU
		{74124E53-23C6-4AC8-BA6B-3CA30327B011}.Debug|iPhoneSimulator.ActiveCfg = Debug|Any CPU
		{74124E53-23C6-4AC8-BA6B-3CA30327B011}.Debug|iPhoneSimulator.Build.0 = Debug|Any CPU
		{74124E53-23C6-4AC8-BA6B-3CA30327B011}.Debug|x64.ActiveCfg = Debug|Any CPU
		{74124E53-23C6-4AC8-BA6B-3CA30327B011}.Debug|x64.Build.0 = Debug|Any CPU
		{74124E53-23C6-4AC8-BA6B-3CA30327B011}.Debug|x86.ActiveCfg = Debug|Any CPU
		{74124E53-23C6-4AC8-BA6B-3CA30327B011}.Debug|x86.Build.0 = Debug|Any CPU
		{74124E53-23C6-4AC8-BA6B-3CA30327B011}.Release|Any CPU.ActiveCfg = Release|Any CPU
		{74124E53-23C6-4AC8-BA6B-3CA30327B011}.Release|Any CPU.Build.0 = Release|Any CPU
		{74124E53-23C6-4AC8-BA6B-3CA30327B011}.Release|ARM.ActiveCfg = Release|Any CPU
		{74124E53-23C6-4AC8-BA6B-3CA30327B011}.Release|ARM.Build.0 = Release|Any CPU
		{74124E53-23C6-4AC8-BA6B-3CA30327B011}.Release|iPhone.ActiveCfg = Release|Any CPU
		{74124E53-23C6-4AC8-BA6B-3CA30327B011}.Release|iPhone.Build.0 = Release|Any CPU
		{74124E53-23C6-4AC8-BA6B-3CA30327B011}.Release|iPhoneSimulator.ActiveCfg = Release|Any CPU
		{74124E53-23C6-4AC8-BA6B-3CA30327B011}.Release|iPhoneSimulator.Build.0 = Release|Any CPU
		{74124E53-23C6-4AC8-BA6B-3CA30327B011}.Release|x64.ActiveCfg = Release|Any CPU
		{74124E53-23C6-4AC8-BA6B-3CA30327B011}.Release|x64.Build.0 = Release|Any CPU
		{74124E53-23C6-4AC8-BA6B-3CA30327B011}.Release|x86.ActiveCfg = Release|Any CPU
		{74124E53-23C6-4AC8-BA6B-3CA30327B011}.Release|x86.Build.0 = Release|Any CPU
		{3BD1E94E-D922-4B83-B35D-556478C0157E}.Ad-Hoc|Any CPU.ActiveCfg = Release|Any CPU
		{3BD1E94E-D922-4B83-B35D-556478C0157E}.Ad-Hoc|Any CPU.Build.0 = Release|Any CPU
		{3BD1E94E-D922-4B83-B35D-556478C0157E}.Ad-Hoc|ARM.ActiveCfg = Release|Any CPU
		{3BD1E94E-D922-4B83-B35D-556478C0157E}.Ad-Hoc|ARM.Build.0 = Release|Any CPU
		{3BD1E94E-D922-4B83-B35D-556478C0157E}.Ad-Hoc|iPhone.ActiveCfg = Release|Any CPU
		{3BD1E94E-D922-4B83-B35D-556478C0157E}.Ad-Hoc|iPhone.Build.0 = Release|Any CPU
		{3BD1E94E-D922-4B83-B35D-556478C0157E}.Ad-Hoc|iPhoneSimulator.ActiveCfg = Release|Any CPU
		{3BD1E94E-D922-4B83-B35D-556478C0157E}.Ad-Hoc|iPhoneSimulator.Build.0 = Release|Any CPU
		{3BD1E94E-D922-4B83-B35D-556478C0157E}.Ad-Hoc|x64.ActiveCfg = Release|Any CPU
		{3BD1E94E-D922-4B83-B35D-556478C0157E}.Ad-Hoc|x64.Build.0 = Release|Any CPU
		{3BD1E94E-D922-4B83-B35D-556478C0157E}.Ad-Hoc|x86.ActiveCfg = Release|Any CPU
		{3BD1E94E-D922-4B83-B35D-556478C0157E}.Ad-Hoc|x86.Build.0 = Release|Any CPU
		{3BD1E94E-D922-4B83-B35D-556478C0157E}.AppStore|Any CPU.ActiveCfg = Release|Any CPU
		{3BD1E94E-D922-4B83-B35D-556478C0157E}.AppStore|Any CPU.Build.0 = Release|Any CPU
		{3BD1E94E-D922-4B83-B35D-556478C0157E}.AppStore|ARM.ActiveCfg = Release|Any CPU
		{3BD1E94E-D922-4B83-B35D-556478C0157E}.AppStore|ARM.Build.0 = Release|Any CPU
		{3BD1E94E-D922-4B83-B35D-556478C0157E}.AppStore|iPhone.ActiveCfg = Release|Any CPU
		{3BD1E94E-D922-4B83-B35D-556478C0157E}.AppStore|iPhone.Build.0 = Release|Any CPU
		{3BD1E94E-D922-4B83-B35D-556478C0157E}.AppStore|iPhoneSimulator.ActiveCfg = Release|Any CPU
		{3BD1E94E-D922-4B83-B35D-556478C0157E}.AppStore|iPhoneSimulator.Build.0 = Release|Any CPU
		{3BD1E94E-D922-4B83-B35D-556478C0157E}.AppStore|x64.ActiveCfg = Release|Any CPU
		{3BD1E94E-D922-4B83-B35D-556478C0157E}.AppStore|x64.Build.0 = Release|Any CPU
		{3BD1E94E-D922-4B83-B35D-556478C0157E}.AppStore|x86.ActiveCfg = Release|Any CPU
		{3BD1E94E-D922-4B83-B35D-556478C0157E}.AppStore|x86.Build.0 = Release|Any CPU
		{3BD1E94E-D922-4B83-B35D-556478C0157E}.Debug|Any CPU.ActiveCfg = Debug|Any CPU
		{3BD1E94E-D922-4B83-B35D-556478C0157E}.Debug|Any CPU.Build.0 = Debug|Any CPU
		{3BD1E94E-D922-4B83-B35D-556478C0157E}.Debug|ARM.ActiveCfg = Debug|Any CPU
		{3BD1E94E-D922-4B83-B35D-556478C0157E}.Debug|ARM.Build.0 = Debug|Any CPU
		{3BD1E94E-D922-4B83-B35D-556478C0157E}.Debug|iPhone.ActiveCfg = Debug|Any CPU
		{3BD1E94E-D922-4B83-B35D-556478C0157E}.Debug|iPhone.Build.0 = Debug|Any CPU
		{3BD1E94E-D922-4B83-B35D-556478C0157E}.Debug|iPhoneSimulator.ActiveCfg = Debug|Any CPU
		{3BD1E94E-D922-4B83-B35D-556478C0157E}.Debug|iPhoneSimulator.Build.0 = Debug|Any CPU
		{3BD1E94E-D922-4B83-B35D-556478C0157E}.Debug|x64.ActiveCfg = Debug|Any CPU
		{3BD1E94E-D922-4B83-B35D-556478C0157E}.Debug|x64.Build.0 = Debug|Any CPU
		{3BD1E94E-D922-4B83-B35D-556478C0157E}.Debug|x86.ActiveCfg = Debug|Any CPU
		{3BD1E94E-D922-4B83-B35D-556478C0157E}.Debug|x86.Build.0 = Debug|Any CPU
		{3BD1E94E-D922-4B83-B35D-556478C0157E}.Release|Any CPU.ActiveCfg = Release|Any CPU
		{3BD1E94E-D922-4B83-B35D-556478C0157E}.Release|Any CPU.Build.0 = Release|Any CPU
		{3BD1E94E-D922-4B83-B35D-556478C0157E}.Release|ARM.ActiveCfg = Release|Any CPU
		{3BD1E94E-D922-4B83-B35D-556478C0157E}.Release|ARM.Build.0 = Release|Any CPU
		{3BD1E94E-D922-4B83-B35D-556478C0157E}.Release|iPhone.ActiveCfg = Release|Any CPU
		{3BD1E94E-D922-4B83-B35D-556478C0157E}.Release|iPhone.Build.0 = Release|Any CPU
		{3BD1E94E-D922-4B83-B35D-556478C0157E}.Release|iPhoneSimulator.ActiveCfg = Release|Any CPU
		{3BD1E94E-D922-4B83-B35D-556478C0157E}.Release|iPhoneSimulator.Build.0 = Release|Any CPU
		{3BD1E94E-D922-4B83-B35D-556478C0157E}.Release|x64.ActiveCfg = Release|Any CPU
		{3BD1E94E-D922-4B83-B35D-556478C0157E}.Release|x64.Build.0 = Release|Any CPU
		{3BD1E94E-D922-4B83-B35D-556478C0157E}.Release|x86.ActiveCfg = Release|Any CPU
		{3BD1E94E-D922-4B83-B35D-556478C0157E}.Release|x86.Build.0 = Release|Any CPU
	EndGlobalSection
	GlobalSection(SolutionProperties) = preSolution
		HideSolutionNode = FALSE
	EndGlobalSection
	GlobalSection(ExtensibilityGlobals) = postSolution
		SolutionGuid = {18DC69A0-56CE-48A4-A749-AA89D692BDEA}
	EndGlobalSection
EndGlobal
