
Microsoft Visual Studio Solution File, Format Version 12.00
# Visual Studio 15
VisualStudioVersion = 15.0.28107.0
MinimumVisualStudioVersion = 10.0.40219.1
Project("{FAE04EC0-301F-11D3-BF4B-00C04F79EFBC}") = "Sales.Android", "Sales\Sales.Android\Sales.Android.csproj", "{668617BE-9470-4DF8-B8B2-29FFE0495202}"
EndProject
Project("{FAE04EC0-301F-11D3-BF4B-00C04F79EFBC}") = "Sales.iOS", "Sales\Sales.iOS\Sales.iOS.csproj", "{A4348A32-B73B-453A-8AA1-F4900167E576}"
EndProject
Project("{FAE04EC0-301F-11D3-BF4B-00C04F79EFBC}") = "Sales.UWP", "Sales\Sales.UWP\Sales.UWP.csproj", "{BB760005-9B38-40C1-9B7C-565D1C4D40C2}"
EndProject
Project("{FAE04EC0-301F-11D3-BF4B-00C04F79EFBC}") = "Sales", "Sales\Sales\Sales.csproj", "{302DC51D-0D58-43A8-9452-CF383974666D}"
EndProject
Project("{FAE04EC0-301F-11D3-BF4B-00C04F79EFBC}") = "Sales.Backend", "Sales.Backend\Sales.Backend.csproj", "{E74D9F95-7F30-4B0B-A32C-D52E2126CA86}"
EndProject
Project("{FAE04EC0-301F-11D3-BF4B-00C04F79EFBC}") = "Sales.API", "Sales.API\Sales.API.csproj", "{70C255BE-4475-4908-B2EA-2679F4710D28}"
EndProject
Project("{FAE04EC0-301F-11D3-BF4B-00C04F79EFBC}") = "Sales.Domain", "Sales.Domain\Sales.Domain.csproj", "{B4AA0839-2964-4D90-AF7C-BD4933D07E48}"
EndProject
Project("{FAE04EC0-301F-11D3-BF4B-00C04F79EFBC}") = "Sales.Common", "Sales.Common\Sales.Common.csproj", "{1756ECE1-A756-41B3-8456-B15402E91AC5}"
EndProject
Global
	GlobalSection(SolutionConfigurationPlatforms) = preSolution
		Ad-Hoc|Any CPU = Ad-Hoc|Any CPU
		Ad-Hoc|ARM = Ad-Hoc|ARM
		Ad-Hoc|iPhone = Ad-Hoc|iPhone
		Ad-Hoc|iPhoneSimulator = Ad-Hoc|iPhoneSimulator
		Ad-Hoc|x64 = Ad-Hoc|x64
		Ad-Hoc|x86 = Ad-Hoc|x86
		AppStore|Any CPU = AppStore|Any CPU
		AppStore|ARM = AppStore|ARM
		AppStore|iPhone = AppStore|iPhone
		AppStore|iPhoneSimulator = AppStore|iPhoneSimulator
		AppStore|x64 = AppStore|x64
		AppStore|x86 = AppStore|x86
		Debug|Any CPU = Debug|Any CPU
		Debug|ARM = Debug|ARM
		Debug|iPhone = Debug|iPhone
		Debug|iPhoneSimulator = Debug|iPhoneSimulator
		Debug|x64 = Debug|x64
		Debug|x86 = Debug|x86
		Release|Any CPU = Release|Any CPU
		Release|ARM = Release|ARM
		Release|iPhone = Release|iPhone
		Release|iPhoneSimulator = Release|iPhoneSimulator
		Release|x64 = Release|x64
		Release|x86 = Release|x86
	EndGlobalSection
	GlobalSection(ProjectConfigurationPlatforms) = postSolution
		{668617BE-9470-4DF8-B8B2-29FFE0495202}.Ad-Hoc|Any CPU.ActiveCfg = Release|Any CPU
		{668617BE-9470-4DF8-B8B2-29FFE0495202}.Ad-Hoc|Any CPU.Build.0 = Release|Any CPU
		{668617BE-9470-4DF8-B8B2-29FFE0495202}.Ad-Hoc|Any CPU.Deploy.0 = Release|Any CPU
		{668617BE-9470-4DF8-B8B2-29FFE0495202}.Ad-Hoc|ARM.ActiveCfg = Release|Any CPU
		{668617BE-9470-4DF8-B8B2-29FFE0495202}.Ad-Hoc|ARM.Build.0 = Release|Any CPU
		{668617BE-9470-4DF8-B8B2-29FFE0495202}.Ad-Hoc|ARM.Deploy.0 = Release|Any CPU
		{668617BE-9470-4DF8-B8B2-29FFE0495202}.Ad-Hoc|iPhone.ActiveCfg = Release|Any CPU
		{668617BE-9470-4DF8-B8B2-29FFE0495202}.Ad-Hoc|iPhone.Build.0 = Release|Any CPU
		{668617BE-9470-4DF8-B8B2-29FFE0495202}.Ad-Hoc|iPhone.Deploy.0 = Release|Any CPU
		{668617BE-9470-4DF8-B8B2-29FFE0495202}.Ad-Hoc|iPhoneSimulator.ActiveCfg = Release|Any CPU
		{668617BE-9470-4DF8-B8B2-29FFE0495202}.Ad-Hoc|iPhoneSimulator.Build.0 = Release|Any CPU
		{668617BE-9470-4DF8-B8B2-29FFE0495202}.Ad-Hoc|iPhoneSimulator.Deploy.0 = Release|Any CPU
		{668617BE-9470-4DF8-B8B2-29FFE0495202}.Ad-Hoc|x64.ActiveCfg = Release|Any CPU
		{668617BE-9470-4DF8-B8B2-29FFE0495202}.Ad-Hoc|x64.Build.0 = Release|Any CPU
		{668617BE-9470-4DF8-B8B2-29FFE0495202}.Ad-Hoc|x64.Deploy.0 = Release|Any CPU
		{668617BE-9470-4DF8-B8B2-29FFE0495202}.Ad-Hoc|x86.ActiveCfg = Release|Any CPU
		{668617BE-9470-4DF8-B8B2-29FFE0495202}.Ad-Hoc|x86.Build.0 = Release|Any CPU
		{668617BE-9470-4DF8-B8B2-29FFE0495202}.Ad-Hoc|x86.Deploy.0 = Release|Any CPU
		{668617BE-9470-4DF8-B8B2-29FFE0495202}.AppStore|Any CPU.ActiveCfg = Release|Any CPU
		{668617BE-9470-4DF8-B8B2-29FFE0495202}.AppStore|Any CPU.Build.0 = Release|Any CPU
		{668617BE-9470-4DF8-B8B2-29FFE0495202}.AppStore|Any CPU.Deploy.0 = Release|Any CPU
		{668617BE-9470-4DF8-B8B2-29FFE0495202}.AppStore|ARM.ActiveCfg = Release|Any CPU
		{668617BE-9470-4DF8-B8B2-29FFE0495202}.AppStore|ARM.Build.0 = Release|Any CPU
		{668617BE-9470-4DF8-B8B2-29FFE0495202}.AppStore|ARM.Deploy.0 = Release|Any CPU
		{668617BE-9470-4DF8-B8B2-29FFE0495202}.AppStore|iPhone.ActiveCfg = Release|Any CPU
		{668617BE-9470-4DF8-B8B2-29FFE0495202}.AppStore|iPhone.Build.0 = Release|Any CPU
		{668617BE-9470-4DF8-B8B2-29FFE0495202}.AppStore|iPhone.Deploy.0 = Release|Any CPU
		{668617BE-9470-4DF8-B8B2-29FFE0495202}.AppStore|iPhoneSimulator.ActiveCfg = Release|Any CPU
		{668617BE-9470-4DF8-B8B2-29FFE0495202}.AppStore|iPhoneSimulator.Build.0 = Release|Any CPU
		{668617BE-9470-4DF8-B8B2-29FFE0495202}.AppStore|iPhoneSimulator.Deploy.0 = Release|Any CPU
		{668617BE-9470-4DF8-B8B2-29FFE0495202}.AppStore|x64.ActiveCfg = Release|Any CPU
		{668617BE-9470-4DF8-B8B2-29FFE0495202}.AppStore|x64.Build.0 = Release|Any CPU
		{668617BE-9470-4DF8-B8B2-29FFE0495202}.AppStore|x64.Deploy.0 = Release|Any CPU
		{668617BE-9470-4DF8-B8B2-29FFE0495202}.AppStore|x86.ActiveCfg = Release|Any CPU
		{668617BE-9470-4DF8-B8B2-29FFE0495202}.AppStore|x86.Build.0 = Release|Any CPU
		{668617BE-9470-4DF8-B8B2-29FFE0495202}.AppStore|x86.Deploy.0 = Release|Any CPU
		{668617BE-9470-4DF8-B8B2-29FFE0495202}.Debug|Any CPU.ActiveCfg = Debug|Any CPU
		{668617BE-9470-4DF8-B8B2-29FFE0495202}.Debug|Any CPU.Build.0 = Debug|Any CPU
		{668617BE-9470-4DF8-B8B2-29FFE0495202}.Debug|Any CPU.Deploy.0 = Debug|Any CPU
		{668617BE-9470-4DF8-B8B2-29FFE0495202}.Debug|ARM.ActiveCfg = Debug|Any CPU
		{668617BE-9470-4DF8-B8B2-29FFE0495202}.Debug|ARM.Build.0 = Debug|Any CPU
		{668617BE-9470-4DF8-B8B2-29FFE0495202}.Debug|ARM.Deploy.0 = Debug|Any CPU
		{668617BE-9470-4DF8-B8B2-29FFE0495202}.Debug|iPhone.ActiveCfg = Debug|Any CPU
		{668617BE-9470-4DF8-B8B2-29FFE0495202}.Debug|iPhone.Build.0 = Debug|Any CPU
		{668617BE-9470-4DF8-B8B2-29FFE0495202}.Debug|iPhone.Deploy.0 = Debug|Any CPU
		{668617BE-9470-4DF8-B8B2-29FFE0495202}.Debug|iPhoneSimulator.ActiveCfg = Debug|Any CPU
		{668617BE-9470-4DF8-B8B2-29FFE0495202}.Debug|iPhoneSimulator.Build.0 = Debug|Any CPU
		{668617BE-9470-4DF8-B8B2-29FFE0495202}.Debug|iPhoneSimulator.Deploy.0 = Debug|Any CPU
		{668617BE-9470-4DF8-B8B2-29FFE0495202}.Debug|x64.ActiveCfg = Debug|Any CPU
		{668617BE-9470-4DF8-B8B2-29FFE0495202}.Debug|x64.Build.0 = Debug|Any CPU
		{668617BE-9470-4DF8-B8B2-29FFE0495202}.Debug|x64.Deploy.0 = Debug|Any CPU
		{668617BE-9470-4DF8-B8B2-29FFE0495202}.Debug|x86.ActiveCfg = Debug|Any CPU
		{668617BE-9470-4DF8-B8B2-29FFE0495202}.Debug|x86.Build.0 = Debug|Any CPU
		{668617BE-9470-4DF8-B8B2-29FFE0495202}.Debug|x86.Deploy.0 = Debug|Any CPU
		{668617BE-9470-4DF8-B8B2-29FFE0495202}.Release|Any CPU.ActiveCfg = Release|Any CPU
		{668617BE-9470-4DF8-B8B2-29FFE0495202}.Release|Any CPU.Build.0 = Release|Any CPU
		{668617BE-9470-4DF8-B8B2-29FFE0495202}.Release|Any CPU.Deploy.0 = Release|Any CPU
		{668617BE-9470-4DF8-B8B2-29FFE0495202}.Release|ARM.ActiveCfg = Release|Any CPU
		{668617BE-9470-4DF8-B8B2-29FFE0495202}.Release|ARM.Build.0 = Release|Any CPU
		{668617BE-9470-4DF8-B8B2-29FFE0495202}.Release|ARM.Deploy.0 = Release|Any CPU
		{668617BE-9470-4DF8-B8B2-29FFE0495202}.Release|iPhone.ActiveCfg = Release|Any CPU
		{668617BE-9470-4DF8-B8B2-29FFE0495202}.Release|iPhone.Build.0 = Release|Any CPU
		{668617BE-9470-4DF8-B8B2-29FFE0495202}.Release|iPhone.Deploy.0 = Release|Any CPU
		{668617BE-9470-4DF8-B8B2-29FFE0495202}.Release|iPhoneSimulator.ActiveCfg = Release|Any CPU
		{668617BE-9470-4DF8-B8B2-29FFE0495202}.Release|iPhoneSimulator.Build.0 = Release|Any CPU
		{668617BE-9470-4DF8-B8B2-29FFE0495202}.Release|iPhoneSimulator.Deploy.0 = Release|Any CPU
		{668617BE-9470-4DF8-B8B2-29FFE0495202}.Release|x64.ActiveCfg = Release|Any CPU
		{668617BE-9470-4DF8-B8B2-29FFE0495202}.Release|x64.Build.0 = Release|Any CPU
		{668617BE-9470-4DF8-B8B2-29FFE0495202}.Release|x64.Deploy.0 = Release|Any CPU
		{668617BE-9470-4DF8-B8B2-29FFE0495202}.Release|x86.ActiveCfg = Release|Any CPU
		{668617BE-9470-4DF8-B8B2-29FFE0495202}.Release|x86.Build.0 = Release|Any CPU
		{668617BE-9470-4DF8-B8B2-29FFE0495202}.Release|x86.Deploy.0 = Release|Any CPU
		{A4348A32-B73B-453A-8AA1-F4900167E576}.Ad-Hoc|Any CPU.ActiveCfg = Ad-Hoc|iPhone
		{A4348A32-B73B-453A-8AA1-F4900167E576}.Ad-Hoc|Any CPU.Build.0 = Ad-Hoc|iPhone
		{A4348A32-B73B-453A-8AA1-F4900167E576}.Ad-Hoc|Any CPU.Deploy.0 = Ad-Hoc|iPhone
		{A4348A32-B73B-453A-8AA1-F4900167E576}.Ad-Hoc|ARM.ActiveCfg = Ad-Hoc|iPhone
		{A4348A32-B73B-453A-8AA1-F4900167E576}.Ad-Hoc|ARM.Build.0 = Ad-Hoc|iPhone
		{A4348A32-B73B-453A-8AA1-F4900167E576}.Ad-Hoc|ARM.Deploy.0 = Ad-Hoc|iPhone
		{A4348A32-B73B-453A-8AA1-F4900167E576}.Ad-Hoc|iPhone.ActiveCfg = Ad-Hoc|iPhone
		{A4348A32-B73B-453A-8AA1-F4900167E576}.Ad-Hoc|iPhone.Build.0 = Ad-Hoc|iPhone
		{A4348A32-B73B-453A-8AA1-F4900167E576}.Ad-Hoc|iPhone.Deploy.0 = Ad-Hoc|iPhone
		{A4348A32-B73B-453A-8AA1-F4900167E576}.Ad-Hoc|iPhoneSimulator.ActiveCfg = Ad-Hoc|iPhoneSimulator
		{A4348A32-B73B-453A-8AA1-F4900167E576}.Ad-Hoc|iPhoneSimulator.Build.0 = Ad-Hoc|iPhoneSimulator
		{A4348A32-B73B-453A-8AA1-F4900167E576}.Ad-Hoc|iPhoneSimulator.Deploy.0 = Ad-Hoc|iPhoneSimulator
		{A4348A32-B73B-453A-8AA1-F4900167E576}.Ad-Hoc|x64.ActiveCfg = Ad-Hoc|iPhone
		{A4348A32-B73B-453A-8AA1-F4900167E576}.Ad-Hoc|x64.Build.0 = Ad-Hoc|iPhone
		{A4348A32-B73B-453A-8AA1-F4900167E576}.Ad-Hoc|x64.Deploy.0 = Ad-Hoc|iPhone
		{A4348A32-B73B-453A-8AA1-F4900167E576}.Ad-Hoc|x86.ActiveCfg = Ad-Hoc|iPhone
		{A4348A32-B73B-453A-8AA1-F4900167E576}.Ad-Hoc|x86.Build.0 = Ad-Hoc|iPhone
		{A4348A32-B73B-453A-8AA1-F4900167E576}.Ad-Hoc|x86.Deploy.0 = Ad-Hoc|iPhone
		{A4348A32-B73B-453A-8AA1-F4900167E576}.AppStore|Any CPU.ActiveCfg = AppStore|iPhone
		{A4348A32-B73B-453A-8AA1-F4900167E576}.AppStore|Any CPU.Build.0 = AppStore|iPhone
		{A4348A32-B73B-453A-8AA1-F4900167E576}.AppStore|Any CPU.Deploy.0 = AppStore|iPhone
		{A4348A32-B73B-453A-8AA1-F4900167E576}.AppStore|ARM.ActiveCfg = AppStore|iPhone
		{A4348A32-B73B-453A-8AA1-F4900167E576}.AppStore|ARM.Build.0 = AppStore|iPhone
		{A4348A32-B73B-453A-8AA1-F4900167E576}.AppStore|ARM.Deploy.0 = AppStore|iPhone
		{A4348A32-B73B-453A-8AA1-F4900167E576}.AppStore|iPhone.ActiveCfg = AppStore|iPhone
		{A4348A32-B73B-453A-8AA1-F4900167E576}.AppStore|iPhone.Build.0 = AppStore|iPhone
		{A4348A32-B73B-453A-8AA1-F4900167E576}.AppStore|iPhone.Deploy.0 = AppStore|iPhone
		{A4348A32-B73B-453A-8AA1-F4900167E576}.AppStore|iPhoneSimulator.ActiveCfg = AppStore|iPhoneSimulator
		{A4348A32-B73B-453A-8AA1-F4900167E576}.AppStore|iPhoneSimulator.Build.0 = AppStore|iPhoneSimulator
		{A4348A32-B73B-453A-8AA1-F4900167E576}.AppStore|iPhoneSimulator.Deploy.0 = AppStore|iPhoneSimulator
		{A4348A32-B73B-453A-8AA1-F4900167E576}.AppStore|x64.ActiveCfg = AppStore|iPhone
		{A4348A32-B73B-453A-8AA1-F4900167E576}.AppStore|x64.Build.0 = AppStore|iPhone
		{A4348A32-B73B-453A-8AA1-F4900167E576}.AppStore|x64.Deploy.0 = AppStore|iPhone
		{A4348A32-B73B-453A-8AA1-F4900167E576}.AppStore|x86.ActiveCfg = AppStore|iPhone
		{A4348A32-B73B-453A-8AA1-F4900167E576}.AppStore|x86.Build.0 = AppStore|iPhone
		{A4348A32-B73B-453A-8AA1-F4900167E576}.AppStore|x86.Deploy.0 = AppStore|iPhone
		{A4348A32-B73B-453A-8AA1-F4900167E576}.Debug|Any CPU.ActiveCfg = Debug|iPhoneSimulator
		{A4348A32-B73B-453A-8AA1-F4900167E576}.Debug|Any CPU.Build.0 = Debug|iPhoneSimulator
		{A4348A32-B73B-453A-8AA1-F4900167E576}.Debug|Any CPU.Deploy.0 = Debug|iPhoneSimulator
		{A4348A32-B73B-453A-8AA1-F4900167E576}.Debug|ARM.ActiveCfg = Debug|iPhone
		{A4348A32-B73B-453A-8AA1-F4900167E576}.Debug|ARM.Build.0 = Debug|iPhone
		{A4348A32-B73B-453A-8AA1-F4900167E576}.Debug|ARM.Deploy.0 = Debug|iPhone
		{A4348A32-B73B-453A-8AA1-F4900167E576}.Debug|iPhone.ActiveCfg = Debug|iPhone
		{A4348A32-B73B-453A-8AA1-F4900167E576}.Debug|iPhone.Build.0 = Debug|iPhone
		{A4348A32-B73B-453A-8AA1-F4900167E576}.Debug|iPhone.Deploy.0 = Debug|iPhone
		{A4348A32-B73B-453A-8AA1-F4900167E576}.Debug|iPhoneSimulator.ActiveCfg = Debug|iPhoneSimulator
		{A4348A32-B73B-453A-8AA1-F4900167E576}.Debug|iPhoneSimulator.Build.0 = Debug|iPhoneSimulator
		{A4348A32-B73B-453A-8AA1-F4900167E576}.Debug|iPhoneSimulator.Deploy.0 = Debug|iPhoneSimulator
		{A4348A32-B73B-453A-8AA1-F4900167E576}.Debug|x64.ActiveCfg = Debug|iPhone
		{A4348A32-B73B-453A-8AA1-F4900167E576}.Debug|x64.Build.0 = Debug|iPhone
		{A4348A32-B73B-453A-8AA1-F4900167E576}.Debug|x64.Deploy.0 = Debug|iPhone
		{A4348A32-B73B-453A-8AA1-F4900167E576}.Debug|x86.ActiveCfg = Debug|iPhone
		{A4348A32-B73B-453A-8AA1-F4900167E576}.Debug|x86.Build.0 = Debug|iPhone
		{A4348A32-B73B-453A-8AA1-F4900167E576}.Debug|x86.Deploy.0 = Debug|iPhone
		{A4348A32-B73B-453A-8AA1-F4900167E576}.Release|Any CPU.ActiveCfg = Release|iPhone
		{A4348A32-B73B-453A-8AA1-F4900167E576}.Release|Any CPU.Build.0 = Release|iPhone
		{A4348A32-B73B-453A-8AA1-F4900167E576}.Release|Any CPU.Deploy.0 = Release|iPhone
		{A4348A32-B73B-453A-8AA1-F4900167E576}.Release|ARM.ActiveCfg = Release|iPhone
		{A4348A32-B73B-453A-8AA1-F4900167E576}.Release|ARM.Build.0 = Release|iPhone
		{A4348A32-B73B-453A-8AA1-F4900167E576}.Release|ARM.Deploy.0 = Release|iPhone
		{A4348A32-B73B-453A-8AA1-F4900167E576}.Release|iPhone.ActiveCfg = Release|iPhone
		{A4348A32-B73B-453A-8AA1-F4900167E576}.Release|iPhone.Build.0 = Release|iPhone
		{A4348A32-B73B-453A-8AA1-F4900167E576}.Release|iPhone.Deploy.0 = Release|iPhone
		{A4348A32-B73B-453A-8AA1-F4900167E576}.Release|iPhoneSimulator.ActiveCfg = Release|iPhoneSimulator
		{A4348A32-B73B-453A-8AA1-F4900167E576}.Release|iPhoneSimulator.Build.0 = Release|iPhoneSimulator
		{A4348A32-B73B-453A-8AA1-F4900167E576}.Release|iPhoneSimulator.Deploy.0 = Release|iPhoneSimulator
		{A4348A32-B73B-453A-8AA1-F4900167E576}.Release|x64.ActiveCfg = Release|iPhone
		{A4348A32-B73B-453A-8AA1-F4900167E576}.Release|x64.Build.0 = Release|iPhone
		{A4348A32-B73B-453A-8AA1-F4900167E576}.Release|x64.Deploy.0 = Release|iPhone
		{A4348A32-B73B-453A-8AA1-F4900167E576}.Release|x86.ActiveCfg = Release|iPhone
		{A4348A32-B73B-453A-8AA1-F4900167E576}.Release|x86.Build.0 = Release|iPhone
		{A4348A32-B73B-453A-8AA1-F4900167E576}.Release|x86.Deploy.0 = Release|iPhone
		{BB760005-9B38-40C1-9B7C-565D1C4D40C2}.Ad-Hoc|Any CPU.ActiveCfg = Release|x86
		{BB760005-9B38-40C1-9B7C-565D1C4D40C2}.Ad-Hoc|Any CPU.Build.0 = Release|x86
		{BB760005-9B38-40C1-9B7C-565D1C4D40C2}.Ad-Hoc|Any CPU.Deploy.0 = Release|x86
		{BB760005-9B38-40C1-9B7C-565D1C4D40C2}.Ad-Hoc|ARM.ActiveCfg = Release|ARM
		{BB760005-9B38-40C1-9B7C-565D1C4D40C2}.Ad-Hoc|ARM.Build.0 = Release|ARM
		{BB760005-9B38-40C1-9B7C-565D1C4D40C2}.Ad-Hoc|ARM.Deploy.0 = Release|ARM
		{BB760005-9B38-40C1-9B7C-565D1C4D40C2}.Ad-Hoc|iPhone.ActiveCfg = Release|x86
		{BB760005-9B38-40C1-9B7C-565D1C4D40C2}.Ad-Hoc|iPhone.Build.0 = Release|x86
		{BB760005-9B38-40C1-9B7C-565D1C4D40C2}.Ad-Hoc|iPhone.Deploy.0 = Release|x86
		{BB760005-9B38-40C1-9B7C-565D1C4D40C2}.Ad-Hoc|iPhoneSimulator.ActiveCfg = Release|x86
		{BB760005-9B38-40C1-9B7C-565D1C4D40C2}.Ad-Hoc|iPhoneSimulator.Build.0 = Release|x86
		{BB760005-9B38-40C1-9B7C-565D1C4D40C2}.Ad-Hoc|iPhoneSimulator.Deploy.0 = Release|x86
		{BB760005-9B38-40C1-9B7C-565D1C4D40C2}.Ad-Hoc|x64.ActiveCfg = Release|x64
		{BB760005-9B38-40C1-9B7C-565D1C4D40C2}.Ad-Hoc|x64.Build.0 = Release|x64
		{BB760005-9B38-40C1-9B7C-565D1C4D40C2}.Ad-Hoc|x64.Deploy.0 = Release|x64
		{BB760005-9B38-40C1-9B7C-565D1C4D40C2}.Ad-Hoc|x86.ActiveCfg = Release|x86
		{BB760005-9B38-40C1-9B7C-565D1C4D40C2}.Ad-Hoc|x86.Build.0 = Release|x86
		{BB760005-9B38-40C1-9B7C-565D1C4D40C2}.Ad-Hoc|x86.Deploy.0 = Release|x86
		{BB760005-9B38-40C1-9B7C-565D1C4D40C2}.AppStore|Any CPU.ActiveCfg = Release|x86
		{BB760005-9B38-40C1-9B7C-565D1C4D40C2}.AppStore|Any CPU.Build.0 = Release|x86
		{BB760005-9B38-40C1-9B7C-565D1C4D40C2}.AppStore|Any CPU.Deploy.0 = Release|x86
		{BB760005-9B38-40C1-9B7C-565D1C4D40C2}.AppStore|ARM.ActiveCfg = Release|ARM
		{BB760005-9B38-40C1-9B7C-565D1C4D40C2}.AppStore|ARM.Build.0 = Release|ARM
		{BB760005-9B38-40C1-9B7C-565D1C4D40C2}.AppStore|ARM.Deploy.0 = Release|ARM
		{BB760005-9B38-40C1-9B7C-565D1C4D40C2}.AppStore|iPhone.ActiveCfg = Release|x86
		{BB760005-9B38-40C1-9B7C-565D1C4D40C2}.AppStore|iPhone.Build.0 = Release|x86
		{BB760005-9B38-40C1-9B7C-565D1C4D40C2}.AppStore|iPhone.Deploy.0 = Release|x86
		{BB760005-9B38-40C1-9B7C-565D1C4D40C2}.AppStore|iPhoneSimulator.ActiveCfg = Release|x86
		{BB760005-9B38-40C1-9B7C-565D1C4D40C2}.AppStore|iPhoneSimulator.Build.0 = Release|x86
		{BB760005-9B38-40C1-9B7C-565D1C4D40C2}.AppStore|iPhoneSimulator.Deploy.0 = Release|x86
		{BB760005-9B38-40C1-9B7C-565D1C4D40C2}.AppStore|x64.ActiveCfg = Release|x64
		{BB760005-9B38-40C1-9B7C-565D1C4D40C2}.AppStore|x64.Build.0 = Release|x64
		{BB760005-9B38-40C1-9B7C-565D1C4D40C2}.AppStore|x64.Deploy.0 = Release|x64
		{BB760005-9B38-40C1-9B7C-565D1C4D40C2}.AppStore|x86.ActiveCfg = Release|x86
		{BB760005-9B38-40C1-9B7C-565D1C4D40C2}.AppStore|x86.Build.0 = Release|x86
		{BB760005-9B38-40C1-9B7C-565D1C4D40C2}.AppStore|x86.Deploy.0 = Release|x86
		{BB760005-9B38-40C1-9B7C-565D1C4D40C2}.Debug|Any CPU.ActiveCfg = Debug|x86
		{BB760005-9B38-40C1-9B7C-565D1C4D40C2}.Debug|Any CPU.Build.0 = Debug|x86
		{BB760005-9B38-40C1-9B7C-565D1C4D40C2}.Debug|Any CPU.Deploy.0 = Debug|x86
		{BB760005-9B38-40C1-9B7C-565D1C4D40C2}.Debug|ARM.ActiveCfg = Debug|ARM
		{BB760005-9B38-40C1-9B7C-565D1C4D40C2}.Debug|ARM.Build.0 = Debug|ARM
		{BB760005-9B38-40C1-9B7C-565D1C4D40C2}.Debug|ARM.Deploy.0 = Debug|ARM
		{BB760005-9B38-40C1-9B7C-565D1C4D40C2}.Debug|iPhone.ActiveCfg = Debug|x86
		{BB760005-9B38-40C1-9B7C-565D1C4D40C2}.Debug|iPhone.Build.0 = Debug|x86
		{BB760005-9B38-40C1-9B7C-565D1C4D40C2}.Debug|iPhone.Deploy.0 = Debug|x86
		{BB760005-9B38-40C1-9B7C-565D1C4D40C2}.Debug|iPhoneSimulator.ActiveCfg = Debug|x86
		{BB760005-9B38-40C1-9B7C-565D1C4D40C2}.Debug|iPhoneSimulator.Build.0 = Debug|x86
		{BB760005-9B38-40C1-9B7C-565D1C4D40C2}.Debug|iPhoneSimulator.Deploy.0 = Debug|x86
		{BB760005-9B38-40C1-9B7C-565D1C4D40C2}.Debug|x64.ActiveCfg = Debug|x64
		{BB760005-9B38-40C1-9B7C-565D1C4D40C2}.Debug|x64.Build.0 = Debug|x64
		{BB760005-9B38-40C1-9B7C-565D1C4D40C2}.Debug|x64.Deploy.0 = Debug|x64
		{BB760005-9B38-40C1-9B7C-565D1C4D40C2}.Debug|x86.ActiveCfg = Debug|x86
		{BB760005-9B38-40C1-9B7C-565D1C4D40C2}.Debug|x86.Build.0 = Debug|x86
		{BB760005-9B38-40C1-9B7C-565D1C4D40C2}.Debug|x86.Deploy.0 = Debug|x86
		{BB760005-9B38-40C1-9B7C-565D1C4D40C2}.Release|Any CPU.ActiveCfg = Release|x86
		{BB760005-9B38-40C1-9B7C-565D1C4D40C2}.Release|Any CPU.Build.0 = Release|x86
		{BB760005-9B38-40C1-9B7C-565D1C4D40C2}.Release|Any CPU.Deploy.0 = Release|x86
		{BB760005-9B38-40C1-9B7C-565D1C4D40C2}.Release|ARM.ActiveCfg = Release|ARM
		{BB760005-9B38-40C1-9B7C-565D1C4D40C2}.Release|ARM.Build.0 = Release|ARM
		{BB760005-9B38-40C1-9B7C-565D1C4D40C2}.Release|ARM.Deploy.0 = Release|ARM
		{BB760005-9B38-40C1-9B7C-565D1C4D40C2}.Release|iPhone.ActiveCfg = Release|x86
		{BB760005-9B38-40C1-9B7C-565D1C4D40C2}.Release|iPhone.Build.0 = Release|x86
		{BB760005-9B38-40C1-9B7C-565D1C4D40C2}.Release|iPhone.Deploy.0 = Release|x86
		{BB760005-9B38-40C1-9B7C-565D1C4D40C2}.Release|iPhoneSimulator.ActiveCfg = Release|x86
		{BB760005-9B38-40C1-9B7C-565D1C4D40C2}.Release|iPhoneSimulator.Build.0 = Release|x86
		{BB760005-9B38-40C1-9B7C-565D1C4D40C2}.Release|iPhoneSimulator.Deploy.0 = Release|x86
		{BB760005-9B38-40C1-9B7C-565D1C4D40C2}.Release|x64.ActiveCfg = Release|x64
		{BB760005-9B38-40C1-9B7C-565D1C4D40C2}.Release|x64.Build.0 = Release|x64
		{BB760005-9B38-40C1-9B7C-565D1C4D40C2}.Release|x64.Deploy.0 = Release|x64
		{BB760005-9B38-40C1-9B7C-565D1C4D40C2}.Release|x86.ActiveCfg = Release|x86
		{BB760005-9B38-40C1-9B7C-565D1C4D40C2}.Release|x86.Build.0 = Release|x86
		{BB760005-9B38-40C1-9B7C-565D1C4D40C2}.Release|x86.Deploy.0 = Release|x86
		{302DC51D-0D58-43A8-9452-CF383974666D}.Ad-Hoc|Any CPU.ActiveCfg = Debug|Any CPU
		{302DC51D-0D58-43A8-9452-CF383974666D}.Ad-Hoc|Any CPU.Build.0 = Debug|Any CPU
		{302DC51D-0D58-43A8-9452-CF383974666D}.Ad-Hoc|Any CPU.Deploy.0 = Debug|Any CPU
		{302DC51D-0D58-43A8-9452-CF383974666D}.Ad-Hoc|ARM.ActiveCfg = Debug|Any CPU
		{302DC51D-0D58-43A8-9452-CF383974666D}.Ad-Hoc|ARM.Build.0 = Debug|Any CPU
		{302DC51D-0D58-43A8-9452-CF383974666D}.Ad-Hoc|ARM.Deploy.0 = Debug|Any CPU
		{302DC51D-0D58-43A8-9452-CF383974666D}.Ad-Hoc|iPhone.ActiveCfg = Debug|Any CPU
		{302DC51D-0D58-43A8-9452-CF383974666D}.Ad-Hoc|iPhone.Build.0 = Debug|Any CPU
		{302DC51D-0D58-43A8-9452-CF383974666D}.Ad-Hoc|iPhone.Deploy.0 = Debug|Any CPU
		{302DC51D-0D58-43A8-9452-CF383974666D}.Ad-Hoc|iPhoneSimulator.ActiveCfg = Debug|Any CPU
		{302DC51D-0D58-43A8-9452-CF383974666D}.Ad-Hoc|iPhoneSimulator.Build.0 = Debug|Any CPU
		{302DC51D-0D58-43A8-9452-CF383974666D}.Ad-Hoc|iPhoneSimulator.Deploy.0 = Debug|Any CPU
		{302DC51D-0D58-43A8-9452-CF383974666D}.Ad-Hoc|x64.ActiveCfg = Debug|Any CPU
		{302DC51D-0D58-43A8-9452-CF383974666D}.Ad-Hoc|x64.Build.0 = Debug|Any CPU
		{302DC51D-0D58-43A8-9452-CF383974666D}.Ad-Hoc|x64.Deploy.0 = Debug|Any CPU
		{302DC51D-0D58-43A8-9452-CF383974666D}.Ad-Hoc|x86.ActiveCfg = Debug|Any CPU
		{302DC51D-0D58-43A8-9452-CF383974666D}.Ad-Hoc|x86.Build.0 = Debug|Any CPU
		{302DC51D-0D58-43A8-9452-CF383974666D}.Ad-Hoc|x86.Deploy.0 = Debug|Any CPU
		{302DC51D-0D58-43A8-9452-CF383974666D}.AppStore|Any CPU.ActiveCfg = Debug|Any CPU
		{302DC51D-0D58-43A8-9452-CF383974666D}.AppStore|Any CPU.Build.0 = Debug|Any CPU
		{302DC51D-0D58-43A8-9452-CF383974666D}.AppStore|Any CPU.Deploy.0 = Debug|Any CPU
		{302DC51D-0D58-43A8-9452-CF383974666D}.AppStore|ARM.ActiveCfg = Debug|Any CPU
		{302DC51D-0D58-43A8-9452-CF383974666D}.AppStore|ARM.Build.0 = Debug|Any CPU
		{302DC51D-0D58-43A8-9452-CF383974666D}.AppStore|ARM.Deploy.0 = Debug|Any CPU
		{302DC51D-0D58-43A8-9452-CF383974666D}.AppStore|iPhone.ActiveCfg = Debug|Any CPU
		{302DC51D-0D58-43A8-9452-CF383974666D}.AppStore|iPhone.Build.0 = Debug|Any CPU
		{302DC51D-0D58-43A8-9452-CF383974666D}.AppStore|iPhone.Deploy.0 = Debug|Any CPU
		{302DC51D-0D58-43A8-9452-CF383974666D}.AppStore|iPhoneSimulator.ActiveCfg = Debug|Any CPU
		{302DC51D-0D58-43A8-9452-CF383974666D}.AppStore|iPhoneSimulator.Build.0 = Debug|Any CPU
		{302DC51D-0D58-43A8-9452-CF383974666D}.AppStore|iPhoneSimulator.Deploy.0 = Debug|Any CPU
		{302DC51D-0D58-43A8-9452-CF383974666D}.AppStore|x64.ActiveCfg = Debug|Any CPU
		{302DC51D-0D58-43A8-9452-CF383974666D}.AppStore|x64.Build.0 = Debug|Any CPU
		{302DC51D-0D58-43A8-9452-CF383974666D}.AppStore|x64.Deploy.0 = Debug|Any CPU
		{302DC51D-0D58-43A8-9452-CF383974666D}.AppStore|x86.ActiveCfg = Debug|Any CPU
		{302DC51D-0D58-43A8-9452-CF383974666D}.AppStore|x86.Build.0 = Debug|Any CPU
		{302DC51D-0D58-43A8-9452-CF383974666D}.AppStore|x86.Deploy.0 = Debug|Any CPU
		{302DC51D-0D58-43A8-9452-CF383974666D}.Debug|Any CPU.ActiveCfg = Debug|Any CPU
		{302DC51D-0D58-43A8-9452-CF383974666D}.Debug|Any CPU.Build.0 = Debug|Any CPU
		{302DC51D-0D58-43A8-9452-CF383974666D}.Debug|Any CPU.Deploy.0 = Debug|Any CPU
		{302DC51D-0D58-43A8-9452-CF383974666D}.Debug|ARM.ActiveCfg = Debug|Any CPU
		{302DC51D-0D58-43A8-9452-CF383974666D}.Debug|ARM.Build.0 = Debug|Any CPU
		{302DC51D-0D58-43A8-9452-CF383974666D}.Debug|ARM.Deploy.0 = Debug|Any CPU
		{302DC51D-0D58-43A8-9452-CF383974666D}.Debug|iPhone.ActiveCfg = Debug|Any CPU
		{302DC51D-0D58-43A8-9452-CF383974666D}.Debug|iPhone.Build.0 = Debug|Any CPU
		{302DC51D-0D58-43A8-9452-CF383974666D}.Debug|iPhone.Deploy.0 = Debug|Any CPU
		{302DC51D-0D58-43A8-9452-CF383974666D}.Debug|iPhoneSimulator.ActiveCfg = Debug|Any CPU
		{302DC51D-0D58-43A8-9452-CF383974666D}.Debug|iPhoneSimulator.Build.0 = Debug|Any CPU
		{302DC51D-0D58-43A8-9452-CF383974666D}.Debug|iPhoneSimulator.Deploy.0 = Debug|Any CPU
		{302DC51D-0D58-43A8-9452-CF383974666D}.Debug|x64.ActiveCfg = Debug|Any CPU
		{302DC51D-0D58-43A8-9452-CF383974666D}.Debug|x64.Build.0 = Debug|Any CPU
		{302DC51D-0D58-43A8-9452-CF383974666D}.Debug|x64.Deploy.0 = Debug|Any CPU
		{302DC51D-0D58-43A8-9452-CF383974666D}.Debug|x86.ActiveCfg = Debug|Any CPU
		{302DC51D-0D58-43A8-9452-CF383974666D}.Debug|x86.Build.0 = Debug|Any CPU
		{302DC51D-0D58-43A8-9452-CF383974666D}.Debug|x86.Deploy.0 = Debug|Any CPU
		{302DC51D-0D58-43A8-9452-CF383974666D}.Release|Any CPU.ActiveCfg = Release|Any CPU
		{302DC51D-0D58-43A8-9452-CF383974666D}.Release|Any CPU.Build.0 = Release|Any CPU
		{302DC51D-0D58-43A8-9452-CF383974666D}.Release|Any CPU.Deploy.0 = Release|Any CPU
		{302DC51D-0D58-43A8-9452-CF383974666D}.Release|ARM.ActiveCfg = Release|Any CPU
		{302DC51D-0D58-43A8-9452-CF383974666D}.Release|ARM.Build.0 = Release|Any CPU
		{302DC51D-0D58-43A8-9452-CF383974666D}.Release|ARM.Deploy.0 = Release|Any CPU
		{302DC51D-0D58-43A8-9452-CF383974666D}.Release|iPhone.ActiveCfg = Release|Any CPU
		{302DC51D-0D58-43A8-9452-CF383974666D}.Release|iPhone.Build.0 = Release|Any CPU
		{302DC51D-0D58-43A8-9452-CF383974666D}.Release|iPhone.Deploy.0 = Release|Any CPU
		{302DC51D-0D58-43A8-9452-CF383974666D}.Release|iPhoneSimulator.ActiveCfg = Release|Any CPU
		{302DC51D-0D58-43A8-9452-CF383974666D}.Release|iPhoneSimulator.Build.0 = Release|Any CPU
		{302DC51D-0D58-43A8-9452-CF383974666D}.Release|iPhoneSimulator.Deploy.0 = Release|Any CPU
		{302DC51D-0D58-43A8-9452-CF383974666D}.Release|x64.ActiveCfg = Release|Any CPU
		{302DC51D-0D58-43A8-9452-CF383974666D}.Release|x64.Build.0 = Release|Any CPU
		{302DC51D-0D58-43A8-9452-CF383974666D}.Release|x64.Deploy.0 = Release|Any CPU
		{302DC51D-0D58-43A8-9452-CF383974666D}.Release|x86.ActiveCfg = Release|Any CPU
		{302DC51D-0D58-43A8-9452-CF383974666D}.Release|x86.Build.0 = Release|Any CPU
		{302DC51D-0D58-43A8-9452-CF383974666D}.Release|x86.Deploy.0 = Release|Any CPU
		{E74D9F95-7F30-4B0B-A32C-D52E2126CA86}.Ad-Hoc|Any CPU.ActiveCfg = Release|Any CPU
		{E74D9F95-7F30-4B0B-A32C-D52E2126CA86}.Ad-Hoc|Any CPU.Build.0 = Release|Any CPU
		{E74D9F95-7F30-4B0B-A32C-D52E2126CA86}.Ad-Hoc|ARM.ActiveCfg = Release|Any CPU
		{E74D9F95-7F30-4B0B-A32C-D52E2126CA86}.Ad-Hoc|ARM.Build.0 = Release|Any CPU
		{E74D9F95-7F30-4B0B-A32C-D52E2126CA86}.Ad-Hoc|iPhone.ActiveCfg = Release|Any CPU
		{E74D9F95-7F30-4B0B-A32C-D52E2126CA86}.Ad-Hoc|iPhone.Build.0 = Release|Any CPU
		{E74D9F95-7F30-4B0B-A32C-D52E2126CA86}.Ad-Hoc|iPhoneSimulator.ActiveCfg = Release|Any CPU
		{E74D9F95-7F30-4B0B-A32C-D52E2126CA86}.Ad-Hoc|iPhoneSimulator.Build.0 = Release|Any CPU
		{E74D9F95-7F30-4B0B-A32C-D52E2126CA86}.Ad-Hoc|x64.ActiveCfg = Release|Any CPU
		{E74D9F95-7F30-4B0B-A32C-D52E2126CA86}.Ad-Hoc|x64.Build.0 = Release|Any CPU
		{E74D9F95-7F30-4B0B-A32C-D52E2126CA86}.Ad-Hoc|x86.ActiveCfg = Release|Any CPU
		{E74D9F95-7F30-4B0B-A32C-D52E2126CA86}.Ad-Hoc|x86.Build.0 = Release|Any CPU
		{E74D9F95-7F30-4B0B-A32C-D52E2126CA86}.AppStore|Any CPU.ActiveCfg = Release|Any CPU
		{E74D9F95-7F30-4B0B-A32C-D52E2126CA86}.AppStore|Any CPU.Build.0 = Release|Any CPU
		{E74D9F95-7F30-4B0B-A32C-D52E2126CA86}.AppStore|ARM.ActiveCfg = Release|Any CPU
		{E74D9F95-7F30-4B0B-A32C-D52E2126CA86}.AppStore|ARM.Build.0 = Release|Any CPU
		{E74D9F95-7F30-4B0B-A32C-D52E2126CA86}.AppStore|iPhone.ActiveCfg = Release|Any CPU
		{E74D9F95-7F30-4B0B-A32C-D52E2126CA86}.AppStore|iPhone.Build.0 = Release|Any CPU
		{E74D9F95-7F30-4B0B-A32C-D52E2126CA86}.AppStore|iPhoneSimulator.ActiveCfg = Release|Any CPU
		{E74D9F95-7F30-4B0B-A32C-D52E2126CA86}.AppStore|iPhoneSimulator.Build.0 = Release|Any CPU
		{E74D9F95-7F30-4B0B-A32C-D52E2126CA86}.AppStore|x64.ActiveCfg = Release|Any CPU
		{E74D9F95-7F30-4B0B-A32C-D52E2126CA86}.AppStore|x64.Build.0 = Release|Any CPU
		{E74D9F95-7F30-4B0B-A32C-D52E2126CA86}.AppStore|x86.ActiveCfg = Release|Any CPU
		{E74D9F95-7F30-4B0B-A32C-D52E2126CA86}.AppStore|x86.Build.0 = Release|Any CPU
		{E74D9F95-7F30-4B0B-A32C-D52E2126CA86}.Debug|Any CPU.ActiveCfg = Debug|Any CPU
		{E74D9F95-7F30-4B0B-A32C-D52E2126CA86}.Debug|Any CPU.Build.0 = Debug|Any CPU
		{E74D9F95-7F30-4B0B-A32C-D52E2126CA86}.Debug|ARM.ActiveCfg = Debug|Any CPU
		{E74D9F95-7F30-4B0B-A32C-D52E2126CA86}.Debug|ARM.Build.0 = Debug|Any CPU
		{E74D9F95-7F30-4B0B-A32C-D52E2126CA86}.Debug|iPhone.ActiveCfg = Debug|Any CPU
		{E74D9F95-7F30-4B0B-A32C-D52E2126CA86}.Debug|iPhone.Build.0 = Debug|Any CPU
		{E74D9F95-7F30-4B0B-A32C-D52E2126CA86}.Debug|iPhoneSimulator.ActiveCfg = Debug|Any CPU
		{E74D9F95-7F30-4B0B-A32C-D52E2126CA86}.Debug|iPhoneSimulator.Build.0 = Debug|Any CPU
		{E74D9F95-7F30-4B0B-A32C-D52E2126CA86}.Debug|x64.ActiveCfg = Debug|Any CPU
		{E74D9F95-7F30-4B0B-A32C-D52E2126CA86}.Debug|x64.Build.0 = Debug|Any CPU
		{E74D9F95-7F30-4B0B-A32C-D52E2126CA86}.Debug|x86.ActiveCfg = Debug|Any CPU
		{E74D9F95-7F30-4B0B-A32C-D52E2126CA86}.Debug|x86.Build.0 = Debug|Any CPU
		{E74D9F95-7F30-4B0B-A32C-D52E2126CA86}.Release|Any CPU.ActiveCfg = Release|Any CPU
		{E74D9F95-7F30-4B0B-A32C-D52E2126CA86}.Release|Any CPU.Build.0 = Release|Any CPU
		{E74D9F95-7F30-4B0B-A32C-D52E2126CA86}.Release|ARM.ActiveCfg = Release|Any CPU
		{E74D9F95-7F30-4B0B-A32C-D52E2126CA86}.Release|ARM.Build.0 = Release|Any CPU
		{E74D9F95-7F30-4B0B-A32C-D52E2126CA86}.Release|iPhone.ActiveCfg = Release|Any CPU
		{E74D9F95-7F30-4B0B-A32C-D52E2126CA86}.Release|iPhone.Build.0 = Release|Any CPU
		{E74D9F95-7F30-4B0B-A32C-D52E2126CA86}.Release|iPhoneSimulator.ActiveCfg = Release|Any CPU
		{E74D9F95-7F30-4B0B-A32C-D52E2126CA86}.Release|iPhoneSimulator.Build.0 = Release|Any CPU
		{E74D9F95-7F30-4B0B-A32C-D52E2126CA86}.Release|x64.ActiveCfg = Release|Any CPU
		{E74D9F95-7F30-4B0B-A32C-D52E2126CA86}.Release|x64.Build.0 = Release|Any CPU
		{E74D9F95-7F30-4B0B-A32C-D52E2126CA86}.Release|x86.ActiveCfg = Release|Any CPU
		{E74D9F95-7F30-4B0B-A32C-D52E2126CA86}.Release|x86.Build.0 = Release|Any CPU
		{70C255BE-4475-4908-B2EA-2679F4710D28}.Ad-Hoc|Any CPU.ActiveCfg = Release|Any CPU
		{70C255BE-4475-4908-B2EA-2679F4710D28}.Ad-Hoc|Any CPU.Build.0 = Release|Any CPU
		{70C255BE-4475-4908-B2EA-2679F4710D28}.Ad-Hoc|ARM.ActiveCfg = Release|Any CPU
		{70C255BE-4475-4908-B2EA-2679F4710D28}.Ad-Hoc|ARM.Build.0 = Release|Any CPU
		{70C255BE-4475-4908-B2EA-2679F4710D28}.Ad-Hoc|iPhone.ActiveCfg = Release|Any CPU
		{70C255BE-4475-4908-B2EA-2679F4710D28}.Ad-Hoc|iPhone.Build.0 = Release|Any CPU
		{70C255BE-4475-4908-B2EA-2679F4710D28}.Ad-Hoc|iPhoneSimulator.ActiveCfg = Release|Any CPU
		{70C255BE-4475-4908-B2EA-2679F4710D28}.Ad-Hoc|iPhoneSimulator.Build.0 = Release|Any CPU
		{70C255BE-4475-4908-B2EA-2679F4710D28}.Ad-Hoc|x64.ActiveCfg = Release|Any CPU
		{70C255BE-4475-4908-B2EA-2679F4710D28}.Ad-Hoc|x64.Build.0 = Release|Any CPU
		{70C255BE-4475-4908-B2EA-2679F4710D28}.Ad-Hoc|x86.ActiveCfg = Release|Any CPU
		{70C255BE-4475-4908-B2EA-2679F4710D28}.Ad-Hoc|x86.Build.0 = Release|Any CPU
		{70C255BE-4475-4908-B2EA-2679F4710D28}.AppStore|Any CPU.ActiveCfg = Release|Any CPU
		{70C255BE-4475-4908-B2EA-2679F4710D28}.AppStore|Any CPU.Build.0 = Release|Any CPU
		{70C255BE-4475-4908-B2EA-2679F4710D28}.AppStore|ARM.ActiveCfg = Release|Any CPU
		{70C255BE-4475-4908-B2EA-2679F4710D28}.AppStore|ARM.Build.0 = Release|Any CPU
		{70C255BE-4475-4908-B2EA-2679F4710D28}.AppStore|iPhone.ActiveCfg = Release|Any CPU
		{70C255BE-4475-4908-B2EA-2679F4710D28}.AppStore|iPhone.Build.0 = Release|Any CPU
		{70C255BE-4475-4908-B2EA-2679F4710D28}.AppStore|iPhoneSimulator.ActiveCfg = Release|Any CPU
		{70C255BE-4475-4908-B2EA-2679F4710D28}.AppStore|iPhoneSimulator.Build.0 = Release|Any CPU
		{70C255BE-4475-4908-B2EA-2679F4710D28}.AppStore|x64.ActiveCfg = Release|Any CPU
		{70C255BE-4475-4908-B2EA-2679F4710D28}.AppStore|x64.Build.0 = Release|Any CPU
		{70C255BE-4475-4908-B2EA-2679F4710D28}.AppStore|x86.ActiveCfg = Release|Any CPU
		{70C255BE-4475-4908-B2EA-2679F4710D28}.AppStore|x86.Build.0 = Release|Any CPU
		{70C255BE-4475-4908-B2EA-2679F4710D28}.Debug|Any CPU.ActiveCfg = Debug|Any CPU
		{70C255BE-4475-4908-B2EA-2679F4710D28}.Debug|Any CPU.Build.0 = Debug|Any CPU
		{70C255BE-4475-4908-B2EA-2679F4710D28}.Debug|ARM.ActiveCfg = Debug|Any CPU
		{70C255BE-4475-4908-B2EA-2679F4710D28}.Debug|ARM.Build.0 = Debug|Any CPU
		{70C255BE-4475-4908-B2EA-2679F4710D28}.Debug|iPhone.ActiveCfg = Debug|Any CPU
		{70C255BE-4475-4908-B2EA-2679F4710D28}.Debug|iPhone.Build.0 = Debug|Any CPU
		{70C255BE-4475-4908-B2EA-2679F4710D28}.Debug|iPhoneSimulator.ActiveCfg = Debug|Any CPU
		{70C255BE-4475-4908-B2EA-2679F4710D28}.Debug|iPhoneSimulator.Build.0 = Debug|Any CPU
		{70C255BE-4475-4908-B2EA-2679F4710D28}.Debug|x64.ActiveCfg = Debug|Any CPU
		{70C255BE-4475-4908-B2EA-2679F4710D28}.Debug|x64.Build.0 = Debug|Any CPU
		{70C255BE-4475-4908-B2EA-2679F4710D28}.Debug|x86.ActiveCfg = Debug|Any CPU
		{70C255BE-4475-4908-B2EA-2679F4710D28}.Debug|x86.Build.0 = Debug|Any CPU
		{70C255BE-4475-4908-B2EA-2679F4710D28}.Release|Any CPU.ActiveCfg = Release|Any CPU
		{70C255BE-4475-4908-B2EA-2679F4710D28}.Release|Any CPU.Build.0 = Release|Any CPU
		{70C255BE-4475-4908-B2EA-2679F4710D28}.Release|ARM.ActiveCfg = Release|Any CPU
		{70C255BE-4475-4908-B2EA-2679F4710D28}.Release|ARM.Build.0 = Release|Any CPU
		{70C255BE-4475-4908-B2EA-2679F4710D28}.Release|iPhone.ActiveCfg = Release|Any CPU
		{70C255BE-4475-4908-B2EA-2679F4710D28}.Release|iPhone.Build.0 = Release|Any CPU
		{70C255BE-4475-4908-B2EA-2679F4710D28}.Release|iPhoneSimulator.ActiveCfg = Release|Any CPU
		{70C255BE-4475-4908-B2EA-2679F4710D28}.Release|iPhoneSimulator.Build.0 = Release|Any CPU
		{70C255BE-4475-4908-B2EA-2679F4710D28}.Release|x64.ActiveCfg = Release|Any CPU
		{70C255BE-4475-4908-B2EA-2679F4710D28}.Release|x64.Build.0 = Release|Any CPU
		{70C255BE-4475-4908-B2EA-2679F4710D28}.Release|x86.ActiveCfg = Release|Any CPU
		{70C255BE-4475-4908-B2EA-2679F4710D28}.Release|x86.Build.0 = Release|Any CPU
		{B4AA0839-2964-4D90-AF7C-BD4933D07E48}.Ad-Hoc|Any CPU.ActiveCfg = Release|Any CPU
		{B4AA0839-2964-4D90-AF7C-BD4933D07E48}.Ad-Hoc|Any CPU.Build.0 = Release|Any CPU
		{B4AA0839-2964-4D90-AF7C-BD4933D07E48}.Ad-Hoc|ARM.ActiveCfg = Release|Any CPU
		{B4AA0839-2964-4D90-AF7C-BD4933D07E48}.Ad-Hoc|ARM.Build.0 = Release|Any CPU
		{B4AA0839-2964-4D90-AF7C-BD4933D07E48}.Ad-Hoc|iPhone.ActiveCfg = Release|Any CPU
		{B4AA0839-2964-4D90-AF7C-BD4933D07E48}.Ad-Hoc|iPhone.Build.0 = Release|Any CPU
		{B4AA0839-2964-4D90-AF7C-BD4933D07E48}.Ad-Hoc|iPhoneSimulator.ActiveCfg = Release|Any CPU
		{B4AA0839-2964-4D90-AF7C-BD4933D07E48}.Ad-Hoc|iPhoneSimulator.Build.0 = Release|Any CPU
		{B4AA0839-2964-4D90-AF7C-BD4933D07E48}.Ad-Hoc|x64.ActiveCfg = Release|Any CPU
		{B4AA0839-2964-4D90-AF7C-BD4933D07E48}.Ad-Hoc|x64.Build.0 = Release|Any CPU
		{B4AA0839-2964-4D90-AF7C-BD4933D07E48}.Ad-Hoc|x86.ActiveCfg = Release|Any CPU
		{B4AA0839-2964-4D90-AF7C-BD4933D07E48}.Ad-Hoc|x86.Build.0 = Release|Any CPU
		{B4AA0839-2964-4D90-AF7C-BD4933D07E48}.AppStore|Any CPU.ActiveCfg = Release|Any CPU
		{B4AA0839-2964-4D90-AF7C-BD4933D07E48}.AppStore|Any CPU.Build.0 = Release|Any CPU
		{B4AA0839-2964-4D90-AF7C-BD4933D07E48}.AppStore|ARM.ActiveCfg = Release|Any CPU
		{B4AA0839-2964-4D90-AF7C-BD4933D07E48}.AppStore|ARM.Build.0 = Release|Any CPU
		{B4AA0839-2964-4D90-AF7C-BD4933D07E48}.AppStore|iPhone.ActiveCfg = Release|Any CPU
		{B4AA0839-2964-4D90-AF7C-BD4933D07E48}.AppStore|iPhone.Build.0 = Release|Any CPU
		{B4AA0839-2964-4D90-AF7C-BD4933D07E48}.AppStore|iPhoneSimulator.ActiveCfg = Release|Any CPU
		{B4AA0839-2964-4D90-AF7C-BD4933D07E48}.AppStore|iPhoneSimulator.Build.0 = Release|Any CPU
		{B4AA0839-2964-4D90-AF7C-BD4933D07E48}.AppStore|x64.ActiveCfg = Release|Any CPU
		{B4AA0839-2964-4D90-AF7C-BD4933D07E48}.AppStore|x64.Build.0 = Release|Any CPU
		{B4AA0839-2964-4D90-AF7C-BD4933D07E48}.AppStore|x86.ActiveCfg = Release|Any CPU
		{B4AA0839-2964-4D90-AF7C-BD4933D07E48}.AppStore|x86.Build.0 = Release|Any CPU
		{B4AA0839-2964-4D90-AF7C-BD4933D07E48}.Debug|Any CPU.ActiveCfg = Debug|Any CPU
		{B4AA0839-2964-4D90-AF7C-BD4933D07E48}.Debug|Any CPU.Build.0 = Debug|Any CPU
		{B4AA0839-2964-4D90-AF7C-BD4933D07E48}.Debug|ARM.ActiveCfg = Debug|Any CPU
		{B4AA0839-2964-4D90-AF7C-BD4933D07E48}.Debug|ARM.Build.0 = Debug|Any CPU
		{B4AA0839-2964-4D90-AF7C-BD4933D07E48}.Debug|iPhone.ActiveCfg = Debug|Any CPU
		{B4AA0839-2964-4D90-AF7C-BD4933D07E48}.Debug|iPhone.Build.0 = Debug|Any CPU
		{B4AA0839-2964-4D90-AF7C-BD4933D07E48}.Debug|iPhoneSimulator.ActiveCfg = Debug|Any CPU
		{B4AA0839-2964-4D90-AF7C-BD4933D07E48}.Debug|iPhoneSimulator.Build.0 = Debug|Any CPU
		{B4AA0839-2964-4D90-AF7C-BD4933D07E48}.Debug|x64.ActiveCfg = Debug|Any CPU
		{B4AA0839-2964-4D90-AF7C-BD4933D07E48}.Debug|x64.Build.0 = Debug|Any CPU
		{B4AA0839-2964-4D90-AF7C-BD4933D07E48}.Debug|x86.ActiveCfg = Debug|Any CPU
		{B4AA0839-2964-4D90-AF7C-BD4933D07E48}.Debug|x86.Build.0 = Debug|Any CPU
		{B4AA0839-2964-4D90-AF7C-BD4933D07E48}.Release|Any CPU.ActiveCfg = Release|Any CPU
		{B4AA0839-2964-4D90-AF7C-BD4933D07E48}.Release|Any CPU.Build.0 = Release|Any CPU
		{B4AA0839-2964-4D90-AF7C-BD4933D07E48}.Release|ARM.ActiveCfg = Release|Any CPU
		{B4AA0839-2964-4D90-AF7C-BD4933D07E48}.Release|ARM.Build.0 = Release|Any CPU
		{B4AA0839-2964-4D90-AF7C-BD4933D07E48}.Release|iPhone.ActiveCfg = Release|Any CPU
		{B4AA0839-2964-4D90-AF7C-BD4933D07E48}.Release|iPhone.Build.0 = Release|Any CPU
		{B4AA0839-2964-4D90-AF7C-BD4933D07E48}.Release|iPhoneSimulator.ActiveCfg = Release|Any CPU
		{B4AA0839-2964-4D90-AF7C-BD4933D07E48}.Release|iPhoneSimulator.Build.0 = Release|Any CPU
		{B4AA0839-2964-4D90-AF7C-BD4933D07E48}.Release|x64.ActiveCfg = Release|Any CPU
		{B4AA0839-2964-4D90-AF7C-BD4933D07E48}.Release|x64.Build.0 = Release|Any CPU
		{B4AA0839-2964-4D90-AF7C-BD4933D07E48}.Release|x86.ActiveCfg = Release|Any CPU
		{B4AA0839-2964-4D90-AF7C-BD4933D07E48}.Release|x86.Build.0 = Release|Any CPU
		{1756ECE1-A756-41B3-8456-B15402E91AC5}.Ad-Hoc|Any CPU.ActiveCfg = Release|Any CPU
		{1756ECE1-A756-41B3-8456-B15402E91AC5}.Ad-Hoc|Any CPU.Build.0 = Release|Any CPU
		{1756ECE1-A756-41B3-8456-B15402E91AC5}.Ad-Hoc|ARM.ActiveCfg = Release|Any CPU
		{1756ECE1-A756-41B3-8456-B15402E91AC5}.Ad-Hoc|ARM.Build.0 = Release|Any CPU
		{1756ECE1-A756-41B3-8456-B15402E91AC5}.Ad-Hoc|iPhone.ActiveCfg = Release|Any CPU
		{1756ECE1-A756-41B3-8456-B15402E91AC5}.Ad-Hoc|iPhone.Build.0 = Release|Any CPU
		{1756ECE1-A756-41B3-8456-B15402E91AC5}.Ad-Hoc|iPhoneSimulator.ActiveCfg = Release|Any CPU
		{1756ECE1-A756-41B3-8456-B15402E91AC5}.Ad-Hoc|iPhoneSimulator.Build.0 = Release|Any CPU
		{1756ECE1-A756-41B3-8456-B15402E91AC5}.Ad-Hoc|x64.ActiveCfg = Release|Any CPU
		{1756ECE1-A756-41B3-8456-B15402E91AC5}.Ad-Hoc|x64.Build.0 = Release|Any CPU
		{1756ECE1-A756-41B3-8456-B15402E91AC5}.Ad-Hoc|x86.ActiveCfg = Release|Any CPU
		{1756ECE1-A756-41B3-8456-B15402E91AC5}.Ad-Hoc|x86.Build.0 = Release|Any CPU
		{1756ECE1-A756-41B3-8456-B15402E91AC5}.AppStore|Any CPU.ActiveCfg = Release|Any CPU
		{1756ECE1-A756-41B3-8456-B15402E91AC5}.AppStore|Any CPU.Build.0 = Release|Any CPU
		{1756ECE1-A756-41B3-8456-B15402E91AC5}.AppStore|ARM.ActiveCfg = Release|Any CPU
		{1756ECE1-A756-41B3-8456-B15402E91AC5}.AppStore|ARM.Build.0 = Release|Any CPU
		{1756ECE1-A756-41B3-8456-B15402E91AC5}.AppStore|iPhone.ActiveCfg = Release|Any CPU
		{1756ECE1-A756-41B3-8456-B15402E91AC5}.AppStore|iPhone.Build.0 = Release|Any CPU
		{1756ECE1-A756-41B3-8456-B15402E91AC5}.AppStore|iPhoneSimulator.ActiveCfg = Release|Any CPU
		{1756ECE1-A756-41B3-8456-B15402E91AC5}.AppStore|iPhoneSimulator.Build.0 = Release|Any CPU
		{1756ECE1-A756-41B3-8456-B15402E91AC5}.AppStore|x64.ActiveCfg = Release|Any CPU
		{1756ECE1-A756-41B3-8456-B15402E91AC5}.AppStore|x64.Build.0 = Release|Any CPU
		{1756ECE1-A756-41B3-8456-B15402E91AC5}.AppStore|x86.ActiveCfg = Release|Any CPU
		{1756ECE1-A756-41B3-8456-B15402E91AC5}.AppStore|x86.Build.0 = Release|Any CPU
		{1756ECE1-A756-41B3-8456-B15402E91AC5}.Debug|Any CPU.ActiveCfg = Debug|Any CPU
		{1756ECE1-A756-41B3-8456-B15402E91AC5}.Debug|Any CPU.Build.0 = Debug|Any CPU
		{1756ECE1-A756-41B3-8456-B15402E91AC5}.Debug|ARM.ActiveCfg = Debug|Any CPU
		{1756ECE1-A756-41B3-8456-B15402E91AC5}.Debug|ARM.Build.0 = Debug|Any CPU
		{1756ECE1-A756-41B3-8456-B15402E91AC5}.Debug|iPhone.ActiveCfg = Debug|Any CPU
		{1756ECE1-A756-41B3-8456-B15402E91AC5}.Debug|iPhone.Build.0 = Debug|Any CPU
		{1756ECE1-A756-41B3-8456-B15402E91AC5}.Debug|iPhoneSimulator.ActiveCfg = Debug|Any CPU
		{1756ECE1-A756-41B3-8456-B15402E91AC5}.Debug|iPhoneSimulator.Build.0 = Debug|Any CPU
		{1756ECE1-A756-41B3-8456-B15402E91AC5}.Debug|x64.ActiveCfg = Debug|Any CPU
		{1756ECE1-A756-41B3-8456-B15402E91AC5}.Debug|x64.Build.0 = Debug|Any CPU
		{1756ECE1-A756-41B3-8456-B15402E91AC5}.Debug|x86.ActiveCfg = Debug|Any CPU
		{1756ECE1-A756-41B3-8456-B15402E91AC5}.Debug|x86.Build.0 = Debug|Any CPU
		{1756ECE1-A756-41B3-8456-B15402E91AC5}.Release|Any CPU.ActiveCfg = Release|Any CPU
		{1756ECE1-A756-41B3-8456-B15402E91AC5}.Release|Any CPU.Build.0 = Release|Any CPU
		{1756ECE1-A756-41B3-8456-B15402E91AC5}.Release|ARM.ActiveCfg = Release|Any CPU
		{1756ECE1-A756-41B3-8456-B15402E91AC5}.Release|ARM.Build.0 = Release|Any CPU
		{1756ECE1-A756-41B3-8456-B15402E91AC5}.Release|iPhone.ActiveCfg = Release|Any CPU
		{1756ECE1-A756-41B3-8456-B15402E91AC5}.Release|iPhone.Build.0 = Release|Any CPU
		{1756ECE1-A756-41B3-8456-B15402E91AC5}.Release|iPhoneSimulator.ActiveCfg = Release|Any CPU
		{1756ECE1-A756-41B3-8456-B15402E91AC5}.Release|iPhoneSimulator.Build.0 = Release|Any CPU
		{1756ECE1-A756-41B3-8456-B15402E91AC5}.Release|x64.ActiveCfg = Release|Any CPU
		{1756ECE1-A756-41B3-8456-B15402E91AC5}.Release|x64.Build.0 = Release|Any CPU
		{1756ECE1-A756-41B3-8456-B15402E91AC5}.Release|x86.ActiveCfg = Release|Any CPU
		{1756ECE1-A756-41B3-8456-B15402E91AC5}.Release|x86.Build.0 = Release|Any CPU
	EndGlobalSection
	GlobalSection(SolutionProperties) = preSolution
		HideSolutionNode = FALSE
	EndGlobalSection
	GlobalSection(ExtensibilityGlobals) = postSolution
		SolutionGuid = {683F0793-55A9-4D84-B837-75616D3C98B8}
	EndGlobalSection
EndGlobal
